
Microsoft Visual Studio Solution File, Format Version 12.00
# Visual Studio Version 16
VisualStudioVersion = 16.0.30611.23
MinimumVisualStudioVersion = 10.0.40219.1
Project("{8BC9CEB8-8B4A-11D0-8D11-00A0C91BC942}") = "QuestionC055", "QuestionC055\QuestionC055.vcxproj", "{6DCB63D0-A991-4441-BEAF-398154B26398}"
EndProject
Project("{8BC9CEB8-8B4A-11D0-8D11-00A0C91BC942}") = "QuestionC005", "QuestionC005\QuestionC005.vcxproj", "{2C796A70-8A56-4986-B5DC-3A3CDD8F8288}"
EndProject
Project("{8BC9CEB8-8B4A-11D0-8D11-00A0C91BC942}") = "QuestionC006", "QuestionC006\QuestionC006.vcxproj", "{26BDC76F-7293-456C-8CD8-F77CD241557C}"
EndProject
Project("{8BC9CEB8-8B4A-11D0-8D11-00A0C91BC942}") = "QuestionC017", "QuestionC017\QuestionC017.vcxproj", "{787CBF09-AB85-4D99-853A-3B36CF84B992}"
EndProject
Project("{8BC9CEB8-8B4A-11D0-8D11-00A0C91BC942}") = "QuestionC042", "QuestionC042\QuestionC042.vcxproj", "{E7F6D0A6-EE51-4E67-8F2F-1FEAC9F01D2D}"
EndProject
Project("{8BC9CEB8-8B4A-11D0-8D11-00A0C91BC942}") = "QuestionC043", "QuestionC043\QuestionC043.vcxproj", "{C906AFFA-AC2B-49BC-B4FF-9E225ABB3F72}"
EndProject
Project("{8BC9CEB8-8B4A-11D0-8D11-00A0C91BC942}") = "QuestionC044", "QuestionC044\QuestionC044.vcxproj", "{6D82B514-0558-49C4-A098-A2CD5A156BBB}"
EndProject
Project("{8BC9CEB8-8B4A-11D0-8D11-00A0C91BC942}") = "QuestionC046", "QuestionC046\QuestionC046.vcxproj", "{24FDE4AA-6F23-4DCA-AB8B-BED67AEC3CA0}"
EndProject
Project("{8BC9CEB8-8B4A-11D0-8D11-00A0C91BC942}") = "QuestionC048", "QuestionC048\QuestionC048.vcxproj", "{037B7CC6-A0FF-48E4-9D3A-1020DA889EBB}"
EndProject
Project("{8BC9CEB8-8B4A-11D0-8D11-00A0C91BC942}") = "QuestionC049", "QuestionC049\QuestionC049.vcxproj", "{AD9A90EA-002A-4A79-92EA-4843F89D1693}"
EndProject
Project("{8BC9CEB8-8B4A-11D0-8D11-00A0C91BC942}") = "QuestionC053", "QuestionC053\QuestionC053.vcxproj", "{FD3268DE-CDD5-4DBA-9E54-8AD3E7CFFB68}"
EndProject
Project("{8BC9CEB8-8B4A-11D0-8D11-00A0C91BC942}") = "TestC", "TestC\TestC.vcxproj", "{EB57C1AB-5970-4EA8-89B0-D90A74B00E71}"
EndProject
Project("{8BC9CEB8-8B4A-11D0-8D11-00A0C91BC942}") = "QuestionC001", "QuestionC001\QuestionC001.vcxproj", "{742B5598-BDC5-4EF9-B7D4-6D958BE3623A}"
EndProject
Project("{8BC9CEB8-8B4A-11D0-8D11-00A0C91BC942}") = "QuestionC003", "QuestionC003\QuestionC003.vcxproj", "{37DA1AC7-DAC6-4B16-A25A-80D34ADCEA10}"
EndProject
Project("{8BC9CEB8-8B4A-11D0-8D11-00A0C91BC942}") = "QuestionC060", "QuestionC060\QuestionC060.vcxproj", "{B0AD209B-BCF1-4AA6-A9FC-7B6B21C305F3}"
EndProject
Project("{8BC9CEB8-8B4A-11D0-8D11-00A0C91BC942}") = "QuestionC004", "QuestionC004\QuestionC004.vcxproj", "{0464D8D2-B7DD-46C1-98D3-E37164EC018B}"
EndProject
Project("{8BC9CEB8-8B4A-11D0-8D11-00A0C91BC942}") = "QuestionC007", "QuestionC007\QuestionC007.vcxproj", "{861B4C24-4CBD-4567-9F98-B8E251851088}"
EndProject
Project("{8BC9CEB8-8B4A-11D0-8D11-00A0C91BC942}") = "QuestionC009", "QuestionC009\QuestionC009.vcxproj", "{CA608313-2252-4322-AB0D-8D85392AF4A6}"
EndProject
Project("{8BC9CEB8-8B4A-11D0-8D11-00A0C91BC942}") = "QuestionC069", "QuestionC069\QuestionC069.vcxproj", "{82C5B407-C94C-444C-8985-DEBAB8CD5627}"
EndProject
Project("{8BC9CEB8-8B4A-11D0-8D11-00A0C91BC942}") = "QuestionC011", "QuestionC011\QuestionC011.vcxproj", "{E9FF5D2B-C215-49E9-9BD0-7D6ED7922AAC}"
EndProject
Project("{8BC9CEB8-8B4A-11D0-8D11-00A0C91BC942}") = "QuestionC012", "QuestionC012\QuestionC012.vcxproj", "{AD66D84A-DA14-4DCF-9B86-BA51EC2E4084}"
EndProject
Project("{8BC9CEB8-8B4A-11D0-8D11-00A0C91BC942}") = "QuestionC031", "QuestionC031\QuestionC031.vcxproj", "{FC97DE7D-8BEF-422C-B175-A77DF0ECFA5A}"
EndProject
Project("{8BC9CEB8-8B4A-11D0-8D11-00A0C91BC942}") = "QuestionC014", "QuestionC014\QuestionC014.vcxproj", "{483E888E-8931-44E3-B955-90C098C63925}"
EndProject
Project("{8BC9CEB8-8B4A-11D0-8D11-00A0C91BC942}") = "QuestionC032", "QuestionC032\QuestionC032.vcxproj", "{A5916C2F-DB51-4AC9-9FD4-E3B144EC19A8}"
EndProject
Project("{8BC9CEB8-8B4A-11D0-8D11-00A0C91BC942}") = "QuestionC016", "QuestionC016\QuestionC016.vcxproj", "{A504E24C-606D-4369-BB32-789BA024FF97}"
EndProject
Project("{8BC9CEB8-8B4A-11D0-8D11-00A0C91BC942}") = "QuestionC018", "QuestionC018\QuestionC018.vcxproj", "{E14CAAEA-C588-4B66-86C8-F4DDB9BED6EE}"
EndProject
Project("{8BC9CEB8-8B4A-11D0-8D11-00A0C91BC942}") = "QuestionC050", "QuestionC050\QuestionC050.vcxproj", "{CA1F87A2-092E-47C9-8C9D-55E287298FF4}"
EndProject
Project("{8BC9CEB8-8B4A-11D0-8D11-00A0C91BC942}") = "QuestionC061", "QuestionC061\QuestionC061.vcxproj", "{7EDD270E-3AAD-4958-810E-5A3F043CB238}"
EndProject
Project("{2150E333-8FDC-42A3-9474-1A3956D46DE8}") = "Group01", "Group01", "{5121F853-5E1D-47F8-96CA-76519F0C819C}"
EndProject
Global
	GlobalSection(SolutionConfigurationPlatforms) = preSolution
		Debug|x64 = Debug|x64
		Debug|x86 = Debug|x86
		Release|x64 = Release|x64
		Release|x86 = Release|x86
	EndGlobalSection
	GlobalSection(ProjectConfigurationPlatforms) = postSolution
		{6DCB63D0-A991-4441-BEAF-398154B26398}.Debug|x64.ActiveCfg = Debug|x64
		{6DCB63D0-A991-4441-BEAF-398154B26398}.Debug|x64.Build.0 = Debug|x64
		{6DCB63D0-A991-4441-BEAF-398154B26398}.Debug|x86.ActiveCfg = Debug|Win32
		{6DCB63D0-A991-4441-BEAF-398154B26398}.Debug|x86.Build.0 = Debug|Win32
		{6DCB63D0-A991-4441-BEAF-398154B26398}.Release|x64.ActiveCfg = Release|x64
		{6DCB63D0-A991-4441-BEAF-398154B26398}.Release|x64.Build.0 = Release|x64
		{6DCB63D0-A991-4441-BEAF-398154B26398}.Release|x86.ActiveCfg = Release|Win32
		{6DCB63D0-A991-4441-BEAF-398154B26398}.Release|x86.Build.0 = Release|Win32
		{2C796A70-8A56-4986-B5DC-3A3CDD8F8288}.Debug|x64.ActiveCfg = Debug|x64
		{2C796A70-8A56-4986-B5DC-3A3CDD8F8288}.Debug|x64.Build.0 = Debug|x64
		{2C796A70-8A56-4986-B5DC-3A3CDD8F8288}.Debug|x86.ActiveCfg = Debug|Win32
		{2C796A70-8A56-4986-B5DC-3A3CDD8F8288}.Debug|x86.Build.0 = Debug|Win32
		{2C796A70-8A56-4986-B5DC-3A3CDD8F8288}.Release|x64.ActiveCfg = Release|x64
		{2C796A70-8A56-4986-B5DC-3A3CDD8F8288}.Release|x64.Build.0 = Release|x64
		{2C796A70-8A56-4986-B5DC-3A3CDD8F8288}.Release|x86.ActiveCfg = Release|Win32
		{2C796A70-8A56-4986-B5DC-3A3CDD8F8288}.Release|x86.Build.0 = Release|Win32
		{26BDC76F-7293-456C-8CD8-F77CD241557C}.Debug|x64.ActiveCfg = Debug|x64
		{26BDC76F-7293-456C-8CD8-F77CD241557C}.Debug|x64.Build.0 = Debug|x64
		{26BDC76F-7293-456C-8CD8-F77CD241557C}.Debug|x86.ActiveCfg = Debug|Win32
		{26BDC76F-7293-456C-8CD8-F77CD241557C}.Debug|x86.Build.0 = Debug|Win32
		{26BDC76F-7293-456C-8CD8-F77CD241557C}.Release|x64.ActiveCfg = Release|x64
		{26BDC76F-7293-456C-8CD8-F77CD241557C}.Release|x64.Build.0 = Release|x64
		{26BDC76F-7293-456C-8CD8-F77CD241557C}.Release|x86.ActiveCfg = Release|Win32
		{26BDC76F-7293-456C-8CD8-F77CD241557C}.Release|x86.Build.0 = Release|Win32
		{787CBF09-AB85-4D99-853A-3B36CF84B992}.Debug|x64.ActiveCfg = Debug|x64
		{787CBF09-AB85-4D99-853A-3B36CF84B992}.Debug|x64.Build.0 = Debug|x64
		{787CBF09-AB85-4D99-853A-3B36CF84B992}.Debug|x86.ActiveCfg = Debug|Win32
		{787CBF09-AB85-4D99-853A-3B36CF84B992}.Debug|x86.Build.0 = Debug|Win32
		{787CBF09-AB85-4D99-853A-3B36CF84B992}.Release|x64.ActiveCfg = Release|x64
		{787CBF09-AB85-4D99-853A-3B36CF84B992}.Release|x64.Build.0 = Release|x64
		{787CBF09-AB85-4D99-853A-3B36CF84B992}.Release|x86.ActiveCfg = Release|Win32
		{787CBF09-AB85-4D99-853A-3B36CF84B992}.Release|x86.Build.0 = Release|Win32
		{E7F6D0A6-EE51-4E67-8F2F-1FEAC9F01D2D}.Debug|x64.ActiveCfg = Debug|x64
		{E7F6D0A6-EE51-4E67-8F2F-1FEAC9F01D2D}.Debug|x64.Build.0 = Debug|x64
		{E7F6D0A6-EE51-4E67-8F2F-1FEAC9F01D2D}.Debug|x86.ActiveCfg = Debug|Win32
		{E7F6D0A6-EE51-4E67-8F2F-1FEAC9F01D2D}.Debug|x86.Build.0 = Debug|Win32
		{E7F6D0A6-EE51-4E67-8F2F-1FEAC9F01D2D}.Release|x64.ActiveCfg = Release|x64
		{E7F6D0A6-EE51-4E67-8F2F-1FEAC9F01D2D}.Release|x64.Build.0 = Release|x64
		{E7F6D0A6-EE51-4E67-8F2F-1FEAC9F01D2D}.Release|x86.ActiveCfg = Release|Win32
		{E7F6D0A6-EE51-4E67-8F2F-1FEAC9F01D2D}.Release|x86.Build.0 = Release|Win32
		{C906AFFA-AC2B-49BC-B4FF-9E225ABB3F72}.Debug|x64.ActiveCfg = Debug|x64
		{C906AFFA-AC2B-49BC-B4FF-9E225ABB3F72}.Debug|x64.Build.0 = Debug|x64
		{C906AFFA-AC2B-49BC-B4FF-9E225ABB3F72}.Debug|x86.ActiveCfg = Debug|Win32
		{C906AFFA-AC2B-49BC-B4FF-9E225ABB3F72}.Debug|x86.Build.0 = Debug|Win32
		{C906AFFA-AC2B-49BC-B4FF-9E225ABB3F72}.Release|x64.ActiveCfg = Release|x64
		{C906AFFA-AC2B-49BC-B4FF-9E225ABB3F72}.Release|x64.Build.0 = Release|x64
		{C906AFFA-AC2B-49BC-B4FF-9E225ABB3F72}.Release|x86.ActiveCfg = Release|Win32
		{C906AFFA-AC2B-49BC-B4FF-9E225ABB3F72}.Release|x86.Build.0 = Release|Win32
		{6D82B514-0558-49C4-A098-A2CD5A156BBB}.Debug|x64.ActiveCfg = Debug|x64
		{6D82B514-0558-49C4-A098-A2CD5A156BBB}.Debug|x64.Build.0 = Debug|x64
		{6D82B514-0558-49C4-A098-A2CD5A156BBB}.Debug|x86.ActiveCfg = Debug|Win32
		{6D82B514-0558-49C4-A098-A2CD5A156BBB}.Debug|x86.Build.0 = Debug|Win32
		{6D82B514-0558-49C4-A098-A2CD5A156BBB}.Release|x64.ActiveCfg = Release|x64
		{6D82B514-0558-49C4-A098-A2CD5A156BBB}.Release|x64.Build.0 = Release|x64
		{6D82B514-0558-49C4-A098-A2CD5A156BBB}.Release|x86.ActiveCfg = Release|Win32
		{6D82B514-0558-49C4-A098-A2CD5A156BBB}.Release|x86.Build.0 = Release|Win32
		{24FDE4AA-6F23-4DCA-AB8B-BED67AEC3CA0}.Debug|x64.ActiveCfg = Debug|x64
		{24FDE4AA-6F23-4DCA-AB8B-BED67AEC3CA0}.Debug|x64.Build.0 = Debug|x64
		{24FDE4AA-6F23-4DCA-AB8B-BED67AEC3CA0}.Debug|x86.ActiveCfg = Debug|Win32
		{24FDE4AA-6F23-4DCA-AB8B-BED67AEC3CA0}.Debug|x86.Build.0 = Debug|Win32
		{24FDE4AA-6F23-4DCA-AB8B-BED67AEC3CA0}.Release|x64.ActiveCfg = Release|x64
		{24FDE4AA-6F23-4DCA-AB8B-BED67AEC3CA0}.Release|x64.Build.0 = Release|x64
		{24FDE4AA-6F23-4DCA-AB8B-BED67AEC3CA0}.Release|x86.ActiveCfg = Release|Win32
		{24FDE4AA-6F23-4DCA-AB8B-BED67AEC3CA0}.Release|x86.Build.0 = Release|Win32
		{037B7CC6-A0FF-48E4-9D3A-1020DA889EBB}.Debug|x64.ActiveCfg = Debug|x64
		{037B7CC6-A0FF-48E4-9D3A-1020DA889EBB}.Debug|x64.Build.0 = Debug|x64
		{037B7CC6-A0FF-48E4-9D3A-1020DA889EBB}.Debug|x86.ActiveCfg = Debug|Win32
		{037B7CC6-A0FF-48E4-9D3A-1020DA889EBB}.Debug|x86.Build.0 = Debug|Win32
		{037B7CC6-A0FF-48E4-9D3A-1020DA889EBB}.Release|x64.ActiveCfg = Release|x64
		{037B7CC6-A0FF-48E4-9D3A-1020DA889EBB}.Release|x64.Build.0 = Release|x64
		{037B7CC6-A0FF-48E4-9D3A-1020DA889EBB}.Release|x86.ActiveCfg = Release|Win32
		{037B7CC6-A0FF-48E4-9D3A-1020DA889EBB}.Release|x86.Build.0 = Release|Win32
		{AD9A90EA-002A-4A79-92EA-4843F89D1693}.Debug|x64.ActiveCfg = Debug|x64
		{AD9A90EA-002A-4A79-92EA-4843F89D1693}.Debug|x64.Build.0 = Debug|x64
		{AD9A90EA-002A-4A79-92EA-4843F89D1693}.Debug|x86.ActiveCfg = Debug|Win32
		{AD9A90EA-002A-4A79-92EA-4843F89D1693}.Debug|x86.Build.0 = Debug|Win32
		{AD9A90EA-002A-4A79-92EA-4843F89D1693}.Release|x64.ActiveCfg = Release|x64
		{AD9A90EA-002A-4A79-92EA-4843F89D1693}.Release|x64.Build.0 = Release|x64
		{AD9A90EA-002A-4A79-92EA-4843F89D1693}.Release|x86.ActiveCfg = Release|Win32
		{AD9A90EA-002A-4A79-92EA-4843F89D1693}.Release|x86.Build.0 = Release|Win32
		{FD3268DE-CDD5-4DBA-9E54-8AD3E7CFFB68}.Debug|x64.ActiveCfg = Debug|x64
		{FD3268DE-CDD5-4DBA-9E54-8AD3E7CFFB68}.Debug|x64.Build.0 = Debug|x64
		{FD3268DE-CDD5-4DBA-9E54-8AD3E7CFFB68}.Debug|x86.ActiveCfg = Debug|Win32
		{FD3268DE-CDD5-4DBA-9E54-8AD3E7CFFB68}.Debug|x86.Build.0 = Debug|Win32
		{FD3268DE-CDD5-4DBA-9E54-8AD3E7CFFB68}.Release|x64.ActiveCfg = Release|x64
		{FD3268DE-CDD5-4DBA-9E54-8AD3E7CFFB68}.Release|x64.Build.0 = Release|x64
		{FD3268DE-CDD5-4DBA-9E54-8AD3E7CFFB68}.Release|x86.ActiveCfg = Release|Win32
		{FD3268DE-CDD5-4DBA-9E54-8AD3E7CFFB68}.Release|x86.Build.0 = Release|Win32
		{EB57C1AB-5970-4EA8-89B0-D90A74B00E71}.Debug|x64.ActiveCfg = Debug|x64
		{EB57C1AB-5970-4EA8-89B0-D90A74B00E71}.Debug|x64.Build.0 = Debug|x64
		{EB57C1AB-5970-4EA8-89B0-D90A74B00E71}.Debug|x86.ActiveCfg = Debug|Win32
		{EB57C1AB-5970-4EA8-89B0-D90A74B00E71}.Debug|x86.Build.0 = Debug|Win32
		{EB57C1AB-5970-4EA8-89B0-D90A74B00E71}.Release|x64.ActiveCfg = Release|x64
		{EB57C1AB-5970-4EA8-89B0-D90A74B00E71}.Release|x64.Build.0 = Release|x64
		{EB57C1AB-5970-4EA8-89B0-D90A74B00E71}.Release|x86.ActiveCfg = Release|Win32
		{EB57C1AB-5970-4EA8-89B0-D90A74B00E71}.Release|x86.Build.0 = Release|Win32
		{742B5598-BDC5-4EF9-B7D4-6D958BE3623A}.Debug|x64.ActiveCfg = Debug|x64
		{742B5598-BDC5-4EF9-B7D4-6D958BE3623A}.Debug|x64.Build.0 = Debug|x64
		{742B5598-BDC5-4EF9-B7D4-6D958BE3623A}.Debug|x86.ActiveCfg = Debug|Win32
		{742B5598-BDC5-4EF9-B7D4-6D958BE3623A}.Debug|x86.Build.0 = Debug|Win32
		{742B5598-BDC5-4EF9-B7D4-6D958BE3623A}.Release|x64.ActiveCfg = Release|x64
		{742B5598-BDC5-4EF9-B7D4-6D958BE3623A}.Release|x64.Build.0 = Release|x64
		{742B5598-BDC5-4EF9-B7D4-6D958BE3623A}.Release|x86.ActiveCfg = Release|Win32
		{742B5598-BDC5-4EF9-B7D4-6D958BE3623A}.Release|x86.Build.0 = Release|Win32
		{37DA1AC7-DAC6-4B16-A25A-80D34ADCEA10}.Debug|x64.ActiveCfg = Debug|x64
		{37DA1AC7-DAC6-4B16-A25A-80D34ADCEA10}.Debug|x64.Build.0 = Debug|x64
		{37DA1AC7-DAC6-4B16-A25A-80D34ADCEA10}.Debug|x86.ActiveCfg = Debug|Win32
		{37DA1AC7-DAC6-4B16-A25A-80D34ADCEA10}.Debug|x86.Build.0 = Debug|Win32
		{37DA1AC7-DAC6-4B16-A25A-80D34ADCEA10}.Release|x64.ActiveCfg = Release|x64
		{37DA1AC7-DAC6-4B16-A25A-80D34ADCEA10}.Release|x64.Build.0 = Release|x64
		{37DA1AC7-DAC6-4B16-A25A-80D34ADCEA10}.Release|x86.ActiveCfg = Release|Win32
		{37DA1AC7-DAC6-4B16-A25A-80D34ADCEA10}.Release|x86.Build.0 = Release|Win32
		{B0AD209B-BCF1-4AA6-A9FC-7B6B21C305F3}.Debug|x64.ActiveCfg = Debug|x64
		{B0AD209B-BCF1-4AA6-A9FC-7B6B21C305F3}.Debug|x64.Build.0 = Debug|x64
		{B0AD209B-BCF1-4AA6-A9FC-7B6B21C305F3}.Debug|x86.ActiveCfg = Debug|Win32
		{B0AD209B-BCF1-4AA6-A9FC-7B6B21C305F3}.Debug|x86.Build.0 = Debug|Win32
		{B0AD209B-BCF1-4AA6-A9FC-7B6B21C305F3}.Release|x64.ActiveCfg = Release|x64
		{B0AD209B-BCF1-4AA6-A9FC-7B6B21C305F3}.Release|x64.Build.0 = Release|x64
		{B0AD209B-BCF1-4AA6-A9FC-7B6B21C305F3}.Release|x86.ActiveCfg = Release|Win32
		{B0AD209B-BCF1-4AA6-A9FC-7B6B21C305F3}.Release|x86.Build.0 = Release|Win32
		{0464D8D2-B7DD-46C1-98D3-E37164EC018B}.Debug|x64.ActiveCfg = Debug|x64
		{0464D8D2-B7DD-46C1-98D3-E37164EC018B}.Debug|x64.Build.0 = Debug|x64
		{0464D8D2-B7DD-46C1-98D3-E37164EC018B}.Debug|x86.ActiveCfg = Debug|Win32
		{0464D8D2-B7DD-46C1-98D3-E37164EC018B}.Debug|x86.Build.0 = Debug|Win32
		{0464D8D2-B7DD-46C1-98D3-E37164EC018B}.Release|x64.ActiveCfg = Release|x64
		{0464D8D2-B7DD-46C1-98D3-E37164EC018B}.Release|x64.Build.0 = Release|x64
		{0464D8D2-B7DD-46C1-98D3-E37164EC018B}.Release|x86.ActiveCfg = Release|Win32
		{0464D8D2-B7DD-46C1-98D3-E37164EC018B}.Release|x86.Build.0 = Release|Win32
		{861B4C24-4CBD-4567-9F98-B8E251851088}.Debug|x64.ActiveCfg = Debug|x64
		{861B4C24-4CBD-4567-9F98-B8E251851088}.Debug|x64.Build.0 = Debug|x64
		{861B4C24-4CBD-4567-9F98-B8E251851088}.Debug|x86.ActiveCfg = Debug|Win32
		{861B4C24-4CBD-4567-9F98-B8E251851088}.Debug|x86.Build.0 = Debug|Win32
		{861B4C24-4CBD-4567-9F98-B8E251851088}.Release|x64.ActiveCfg = Release|x64
		{861B4C24-4CBD-4567-9F98-B8E251851088}.Release|x64.Build.0 = Release|x64
		{861B4C24-4CBD-4567-9F98-B8E251851088}.Release|x86.ActiveCfg = Release|Win32
		{861B4C24-4CBD-4567-9F98-B8E251851088}.Release|x86.Build.0 = Release|Win32
		{CA608313-2252-4322-AB0D-8D85392AF4A6}.Debug|x64.ActiveCfg = Debug|x64
		{CA608313-2252-4322-AB0D-8D85392AF4A6}.Debug|x64.Build.0 = Debug|x64
		{CA608313-2252-4322-AB0D-8D85392AF4A6}.Debug|x86.ActiveCfg = Debug|Win32
		{CA608313-2252-4322-AB0D-8D85392AF4A6}.Debug|x86.Build.0 = Debug|Win32
		{CA608313-2252-4322-AB0D-8D85392AF4A6}.Release|x64.ActiveCfg = Release|x64
		{CA608313-2252-4322-AB0D-8D85392AF4A6}.Release|x64.Build.0 = Release|x64
		{CA608313-2252-4322-AB0D-8D85392AF4A6}.Release|x86.ActiveCfg = Release|Win32
		{CA608313-2252-4322-AB0D-8D85392AF4A6}.Release|x86.Build.0 = Release|Win32
		{82C5B407-C94C-444C-8985-DEBAB8CD5627}.Debug|x64.ActiveCfg = Debug|x64
		{82C5B407-C94C-444C-8985-DEBAB8CD5627}.Debug|x64.Build.0 = Debug|x64
		{82C5B407-C94C-444C-8985-DEBAB8CD5627}.Debug|x86.ActiveCfg = Debug|Win32
		{82C5B407-C94C-444C-8985-DEBAB8CD5627}.Debug|x86.Build.0 = Debug|Win32
		{82C5B407-C94C-444C-8985-DEBAB8CD5627}.Release|x64.ActiveCfg = Release|x64
		{82C5B407-C94C-444C-8985-DEBAB8CD5627}.Release|x64.Build.0 = Release|x64
		{82C5B407-C94C-444C-8985-DEBAB8CD5627}.Release|x86.ActiveCfg = Release|Win32
		{82C5B407-C94C-444C-8985-DEBAB8CD5627}.Release|x86.Build.0 = Release|Win32
		{E9FF5D2B-C215-49E9-9BD0-7D6ED7922AAC}.Debug|x64.ActiveCfg = Debug|x64
		{E9FF5D2B-C215-49E9-9BD0-7D6ED7922AAC}.Debug|x64.Build.0 = Debug|x64
		{E9FF5D2B-C215-49E9-9BD0-7D6ED7922AAC}.Debug|x86.ActiveCfg = Debug|Win32
		{E9FF5D2B-C215-49E9-9BD0-7D6ED7922AAC}.Debug|x86.Build.0 = Debug|Win32
		{E9FF5D2B-C215-49E9-9BD0-7D6ED7922AAC}.Release|x64.ActiveCfg = Release|x64
		{E9FF5D2B-C215-49E9-9BD0-7D6ED7922AAC}.Release|x64.Build.0 = Release|x64
		{E9FF5D2B-C215-49E9-9BD0-7D6ED7922AAC}.Release|x86.ActiveCfg = Release|Win32
		{E9FF5D2B-C215-49E9-9BD0-7D6ED7922AAC}.Release|x86.Build.0 = Release|Win32
		{AD66D84A-DA14-4DCF-9B86-BA51EC2E4084}.Debug|x64.ActiveCfg = Debug|x64
		{AD66D84A-DA14-4DCF-9B86-BA51EC2E4084}.Debug|x64.Build.0 = Debug|x64
		{AD66D84A-DA14-4DCF-9B86-BA51EC2E4084}.Debug|x86.ActiveCfg = Debug|Win32
		{AD66D84A-DA14-4DCF-9B86-BA51EC2E4084}.Debug|x86.Build.0 = Debug|Win32
		{AD66D84A-DA14-4DCF-9B86-BA51EC2E4084}.Release|x64.ActiveCfg = Release|x64
		{AD66D84A-DA14-4DCF-9B86-BA51EC2E4084}.Release|x64.Build.0 = Release|x64
		{AD66D84A-DA14-4DCF-9B86-BA51EC2E4084}.Release|x86.ActiveCfg = Release|Win32
		{AD66D84A-DA14-4DCF-9B86-BA51EC2E4084}.Release|x86.Build.0 = Release|Win32
		{FC97DE7D-8BEF-422C-B175-A77DF0ECFA5A}.Debug|x64.ActiveCfg = Debug|x64
		{FC97DE7D-8BEF-422C-B175-A77DF0ECFA5A}.Debug|x64.Build.0 = Debug|x64
		{FC97DE7D-8BEF-422C-B175-A77DF0ECFA5A}.Debug|x86.ActiveCfg = Debug|Win32
		{FC97DE7D-8BEF-422C-B175-A77DF0ECFA5A}.Debug|x86.Build.0 = Debug|Win32
		{FC97DE7D-8BEF-422C-B175-A77DF0ECFA5A}.Release|x64.ActiveCfg = Release|x64
		{FC97DE7D-8BEF-422C-B175-A77DF0ECFA5A}.Release|x64.Build.0 = Release|x64
		{FC97DE7D-8BEF-422C-B175-A77DF0ECFA5A}.Release|x86.ActiveCfg = Release|Win32
		{FC97DE7D-8BEF-422C-B175-A77DF0ECFA5A}.Release|x86.Build.0 = Release|Win32
		{483E888E-8931-44E3-B955-90C098C63925}.Debug|x64.ActiveCfg = Debug|x64
		{483E888E-8931-44E3-B955-90C098C63925}.Debug|x64.Build.0 = Debug|x64
		{483E888E-8931-44E3-B955-90C098C63925}.Debug|x86.ActiveCfg = Debug|Win32
		{483E888E-8931-44E3-B955-90C098C63925}.Debug|x86.Build.0 = Debug|Win32
		{483E888E-8931-44E3-B955-90C098C63925}.Release|x64.ActiveCfg = Release|x64
		{483E888E-8931-44E3-B955-90C098C63925}.Release|x64.Build.0 = Release|x64
		{483E888E-8931-44E3-B955-90C098C63925}.Release|x86.ActiveCfg = Release|Win32
		{483E888E-8931-44E3-B955-90C098C63925}.Release|x86.Build.0 = Release|Win32
		{A5916C2F-DB51-4AC9-9FD4-E3B144EC19A8}.Debug|x64.ActiveCfg = Debug|x64
		{A5916C2F-DB51-4AC9-9FD4-E3B144EC19A8}.Debug|x64.Build.0 = Debug|x64
		{A5916C2F-DB51-4AC9-9FD4-E3B144EC19A8}.Debug|x86.ActiveCfg = Debug|Win32
		{A5916C2F-DB51-4AC9-9FD4-E3B144EC19A8}.Debug|x86.Build.0 = Debug|Win32
		{A5916C2F-DB51-4AC9-9FD4-E3B144EC19A8}.Release|x64.ActiveCfg = Release|x64
		{A5916C2F-DB51-4AC9-9FD4-E3B144EC19A8}.Release|x64.Build.0 = Release|x64
		{A5916C2F-DB51-4AC9-9FD4-E3B144EC19A8}.Release|x86.ActiveCfg = Release|Win32
		{A5916C2F-DB51-4AC9-9FD4-E3B144EC19A8}.Release|x86.Build.0 = Release|Win32
		{A504E24C-606D-4369-BB32-789BA024FF97}.Debug|x64.ActiveCfg = Debug|x64
		{A504E24C-606D-4369-BB32-789BA024FF97}.Debug|x64.Build.0 = Debug|x64
		{A504E24C-606D-4369-BB32-789BA024FF97}.Debug|x86.ActiveCfg = Debug|Win32
		{A504E24C-606D-4369-BB32-789BA024FF97}.Debug|x86.Build.0 = Debug|Win32
		{A504E24C-606D-4369-BB32-789BA024FF97}.Release|x64.ActiveCfg = Release|x64
		{A504E24C-606D-4369-BB32-789BA024FF97}.Release|x64.Build.0 = Release|x64
		{A504E24C-606D-4369-BB32-789BA024FF97}.Release|x86.ActiveCfg = Release|Win32
		{A504E24C-606D-4369-BB32-789BA024FF97}.Release|x86.Build.0 = Release|Win32
		{E14CAAEA-C588-4B66-86C8-F4DDB9BED6EE}.Debug|x64.ActiveCfg = Debug|x64
		{E14CAAEA-C588-4B66-86C8-F4DDB9BED6EE}.Debug|x64.Build.0 = Debug|x64
		{E14CAAEA-C588-4B66-86C8-F4DDB9BED6EE}.Debug|x86.ActiveCfg = Debug|Win32
		{E14CAAEA-C588-4B66-86C8-F4DDB9BED6EE}.Debug|x86.Build.0 = Debug|Win32
		{E14CAAEA-C588-4B66-86C8-F4DDB9BED6EE}.Release|x64.ActiveCfg = Release|x64
		{E14CAAEA-C588-4B66-86C8-F4DDB9BED6EE}.Release|x64.Build.0 = Release|x64
		{E14CAAEA-C588-4B66-86C8-F4DDB9BED6EE}.Release|x86.ActiveCfg = Release|Win32
		{E14CAAEA-C588-4B66-86C8-F4DDB9BED6EE}.Release|x86.Build.0 = Release|Win32
		{CA1F87A2-092E-47C9-8C9D-55E287298FF4}.Debug|x64.ActiveCfg = Debug|x64
		{CA1F87A2-092E-47C9-8C9D-55E287298FF4}.Debug|x64.Build.0 = Debug|x64
		{CA1F87A2-092E-47C9-8C9D-55E287298FF4}.Debug|x86.ActiveCfg = Debug|Win32
		{CA1F87A2-092E-47C9-8C9D-55E287298FF4}.Debug|x86.Build.0 = Debug|Win32
		{CA1F87A2-092E-47C9-8C9D-55E287298FF4}.Release|x64.ActiveCfg = Release|x64
		{CA1F87A2-092E-47C9-8C9D-55E287298FF4}.Release|x64.Build.0 = Release|x64
		{CA1F87A2-092E-47C9-8C9D-55E287298FF4}.Release|x86.ActiveCfg = Release|Win32
		{CA1F87A2-092E-47C9-8C9D-55E287298FF4}.Release|x86.Build.0 = Release|Win32
		{7EDD270E-3AAD-4958-810E-5A3F043CB238}.Debug|x64.ActiveCfg = Debug|x64
		{7EDD270E-3AAD-4958-810E-5A3F043CB238}.Debug|x64.Build.0 = Debug|x64
		{7EDD270E-3AAD-4958-810E-5A3F043CB238}.Debug|x86.ActiveCfg = Debug|Win32
		{7EDD270E-3AAD-4958-810E-5A3F043CB238}.Debug|x86.Build.0 = Debug|Win32
		{7EDD270E-3AAD-4958-810E-5A3F043CB238}.Release|x64.ActiveCfg = Release|x64
		{7EDD270E-3AAD-4958-810E-5A3F043CB238}.Release|x64.Build.0 = Release|x64
		{7EDD270E-3AAD-4958-810E-5A3F043CB238}.Release|x86.ActiveCfg = Release|Win32
		{7EDD270E-3AAD-4958-810E-5A3F043CB238}.Release|x86.Build.0 = Release|Win32
	EndGlobalSection
	GlobalSection(SolutionProperties) = preSolution
		HideSolutionNode = FALSE
	EndGlobalSection
	GlobalSection(NestedProjects) = preSolution
		{6DCB63D0-A991-4441-BEAF-398154B26398} = {5121F853-5E1D-47F8-96CA-76519F0C819C}
	EndGlobalSection
	GlobalSection(ExtensibilityGlobals) = postSolution
		SolutionGuid = {CA2CECE5-A9B7-41AA-B763-2BD3409464BF}
	EndGlobalSection
EndGlobal
