
Microsoft Visual Studio Solution File, Format Version 12.00
# Visual Studio Version 16
VisualStudioVersion = 16.0.30611.23
MinimumVisualStudioVersion = 10.0.40219.1
Project("{8BC9CEB8-8B4A-11D0-8D11-00A0C91BC942}") = "QuestionC055", "QuestionC055\QuestionC055.vcxproj", "{6DCB63D0-A991-4441-BEAF-398154B26398}"
EndProject
Project("{8BC9CEB8-8B4A-11D0-8D11-00A0C91BC942}") = "QuestionC005", "QuestionC005\QuestionC005.vcxproj", "{2C796A70-8A56-4986-B5DC-3A3CDD8F8288}"
EndProject
Project("{8BC9CEB8-8B4A-11D0-8D11-00A0C91BC942}") = "QuestionC006", "QuestionC006\QuestionC006.vcxproj", "{26BDC76F-7293-456C-8CD8-F77CD241557C}"
EndProject
Project("{8BC9CEB8-8B4A-11D0-8D11-00A0C91BC942}") = "QuestionC017", "QuestionC017\QuestionC017.vcxproj", "{787CBF09-AB85-4D99-853A-3B36CF84B992}"
EndProject
Project("{8BC9CEB8-8B4A-11D0-8D11-00A0C91BC942}") = "QuestionC042", "QuestionC042\QuestionC042.vcxproj", "{E7F6D0A6-EE51-4E67-8F2F-1FEAC9F01D2D}"
EndProject
Project("{8BC9CEB8-8B4A-11D0-8D11-00A0C91BC942}") = "QuestionC043", "QuestionC043\QuestionC043.vcxproj", "{C906AFFA-AC2B-49BC-B4FF-9E225ABB3F72}"
EndProject
Project("{8BC9CEB8-8B4A-11D0-8D11-00A0C91BC942}") = "QuestionC044", "QuestionC044\QuestionC044.vcxproj", "{6D82B514-0558-49C4-A098-A2CD5A156BBB}"
EndProject
Project("{8BC9CEB8-8B4A-11D0-8D11-00A0C91BC942}") = "QuestionC046", "QuestionC046\QuestionC046.vcxproj", "{24FDE4AA-6F23-4DCA-AB8B-BED67AEC3CA0}"
EndProject
Project("{8BC9CEB8-8B4A-11D0-8D11-00A0C91BC942}") = "QuestionC048", "QuestionC048\QuestionC048.vcxproj", "{037B7CC6-A0FF-48E4-9D3A-1020DA889EBB}"
EndProject
Project("{8BC9CEB8-8B4A-11D0-8D11-00A0C91BC942}") = "QuestionC049", "QuestionC049\QuestionC049.vcxproj", "{AD9A90EA-002A-4A79-92EA-4843F89D1693}"
EndProject
Project("{8BC9CEB8-8B4A-11D0-8D11-00A0C91BC942}") = "QuestionC053", "QuestionC053\QuestionC053.vcxproj", "{FD3268DE-CDD5-4DBA-9E54-8AD3E7CFFB68}"
EndProject
Global
	GlobalSection(SolutionConfigurationPlatforms) = preSolution
		Debug|x64 = Debug|x64
		Debug|x86 = Debug|x86
		Release|x64 = Release|x64
		Release|x86 = Release|x86
	EndGlobalSection
	GlobalSection(ProjectConfigurationPlatforms) = postSolution
		{6DCB63D0-A991-4441-BEAF-398154B26398}.Debug|x64.ActiveCfg = Debug|x64
		{6DCB63D0-A991-4441-BEAF-398154B26398}.Debug|x64.Build.0 = Debug|x64
		{6DCB63D0-A991-4441-BEAF-398154B26398}.Debug|x86.ActiveCfg = Debug|Win32
		{6DCB63D0-A991-4441-BEAF-398154B26398}.Debug|x86.Build.0 = Debug|Win32
		{6DCB63D0-A991-4441-BEAF-398154B26398}.Release|x64.ActiveCfg = Release|x64
		{6DCB63D0-A991-4441-BEAF-398154B26398}.Release|x64.Build.0 = Release|x64
		{6DCB63D0-A991-4441-BEAF-398154B26398}.Release|x86.ActiveCfg = Release|Win32
		{6DCB63D0-A991-4441-BEAF-398154B26398}.Release|x86.Build.0 = Release|Win32
		{2C796A70-8A56-4986-B5DC-3A3CDD8F8288}.Debug|x64.ActiveCfg = Debug|x64
		{2C796A70-8A56-4986-B5DC-3A3CDD8F8288}.Debug|x64.Build.0 = Debug|x64
		{2C796A70-8A56-4986-B5DC-3A3CDD8F8288}.Debug|x86.ActiveCfg = Debug|Win32
		{2C796A70-8A56-4986-B5DC-3A3CDD8F8288}.Debug|x86.Build.0 = Debug|Win32
		{2C796A70-8A56-4986-B5DC-3A3CDD8F8288}.Release|x64.ActiveCfg = Release|x64
		{2C796A70-8A56-4986-B5DC-3A3CDD8F8288}.Release|x64.Build.0 = Release|x64
		{2C796A70-8A56-4986-B5DC-3A3CDD8F8288}.Release|x86.ActiveCfg = Release|Win32
		{2C796A70-8A56-4986-B5DC-3A3CDD8F8288}.Release|x86.Build.0 = Release|Win32
		{26BDC76F-7293-456C-8CD8-F77CD241557C}.Debug|x64.ActiveCfg = Debug|x64
		{26BDC76F-7293-456C-8CD8-F77CD241557C}.Debug|x64.Build.0 = Debug|x64
		{26BDC76F-7293-456C-8CD8-F77CD241557C}.Debug|x86.ActiveCfg = Debug|Win32
		{26BDC76F-7293-456C-8CD8-F77CD241557C}.Debug|x86.Build.0 = Debug|Win32
		{26BDC76F-7293-456C-8CD8-F77CD241557C}.Release|x64.ActiveCfg = Release|x64
		{26BDC76F-7293-456C-8CD8-F77CD241557C}.Release|x64.Build.0 = Release|x64
		{26BDC76F-7293-456C-8CD8-F77CD241557C}.Release|x86.ActiveCfg = Release|Win32
		{26BDC76F-7293-456C-8CD8-F77CD241557C}.Release|x86.Build.0 = Release|Win32
		{787CBF09-AB85-4D99-853A-3B36CF84B992}.Debug|x64.ActiveCfg = Debug|x64
		{787CBF09-AB85-4D99-853A-3B36CF84B992}.Debug|x64.Build.0 = Debug|x64
		{787CBF09-AB85-4D99-853A-3B36CF84B992}.Debug|x86.ActiveCfg = Debug|Win32
		{787CBF09-AB85-4D99-853A-3B36CF84B992}.Debug|x86.Build.0 = Debug|Win32
		{787CBF09-AB85-4D99-853A-3B36CF84B992}.Release|x64.ActiveCfg = Release|x64
		{787CBF09-AB85-4D99-853A-3B36CF84B992}.Release|x64.Build.0 = Release|x64
		{787CBF09-AB85-4D99-853A-3B36CF84B992}.Release|x86.ActiveCfg = Release|Win32
		{787CBF09-AB85-4D99-853A-3B36CF84B992}.Release|x86.Build.0 = Release|Win32
		{E7F6D0A6-EE51-4E67-8F2F-1FEAC9F01D2D}.Debug|x64.ActiveCfg = Debug|x64
		{E7F6D0A6-EE51-4E67-8F2F-1FEAC9F01D2D}.Debug|x64.Build.0 = Debug|x64
		{E7F6D0A6-EE51-4E67-8F2F-1FEAC9F01D2D}.Debug|x86.ActiveCfg = Debug|Win32
		{E7F6D0A6-EE51-4E67-8F2F-1FEAC9F01D2D}.Debug|x86.Build.0 = Debug|Win32
		{E7F6D0A6-EE51-4E67-8F2F-1FEAC9F01D2D}.Release|x64.ActiveCfg = Release|x64
		{E7F6D0A6-EE51-4E67-8F2F-1FEAC9F01D2D}.Release|x64.Build.0 = Release|x64
		{E7F6D0A6-EE51-4E67-8F2F-1FEAC9F01D2D}.Release|x86.ActiveCfg = Release|Win32
		{E7F6D0A6-EE51-4E67-8F2F-1FEAC9F01D2D}.Release|x86.Build.0 = Release|Win32
		{C906AFFA-AC2B-49BC-B4FF-9E225ABB3F72}.Debug|x64.ActiveCfg = Debug|x64
		{C906AFFA-AC2B-49BC-B4FF-9E225ABB3F72}.Debug|x64.Build.0 = Debug|x64
		{C906AFFA-AC2B-49BC-B4FF-9E225ABB3F72}.Debug|x86.ActiveCfg = Debug|Win32
		{C906AFFA-AC2B-49BC-B4FF-9E225ABB3F72}.Debug|x86.Build.0 = Debug|Win32
		{C906AFFA-AC2B-49BC-B4FF-9E225ABB3F72}.Release|x64.ActiveCfg = Release|x64
		{C906AFFA-AC2B-49BC-B4FF-9E225ABB3F72}.Release|x64.Build.0 = Release|x64
		{C906AFFA-AC2B-49BC-B4FF-9E225ABB3F72}.Release|x86.ActiveCfg = Release|Win32
		{C906AFFA-AC2B-49BC-B4FF-9E225ABB3F72}.Release|x86.Build.0 = Release|Win32
		{6D82B514-0558-49C4-A098-A2CD5A156BBB}.Debug|x64.ActiveCfg = Debug|x64
		{6D82B514-0558-49C4-A098-A2CD5A156BBB}.Debug|x64.Build.0 = Debug|x64
		{6D82B514-0558-49C4-A098-A2CD5A156BBB}.Debug|x86.ActiveCfg = Debug|Win32
		{6D82B514-0558-49C4-A098-A2CD5A156BBB}.Debug|x86.Build.0 = Debug|Win32
		{6D82B514-0558-49C4-A098-A2CD5A156BBB}.Release|x64.ActiveCfg = Release|x64
		{6D82B514-0558-49C4-A098-A2CD5A156BBB}.Release|x64.Build.0 = Release|x64
		{6D82B514-0558-49C4-A098-A2CD5A156BBB}.Release|x86.ActiveCfg = Release|Win32
		{6D82B514-0558-49C4-A098-A2CD5A156BBB}.Release|x86.Build.0 = Release|Win32
		{24FDE4AA-6F23-4DCA-AB8B-BED67AEC3CA0}.Debug|x64.ActiveCfg = Debug|x64
		{24FDE4AA-6F23-4DCA-AB8B-BED67AEC3CA0}.Debug|x64.Build.0 = Debug|x64
		{24FDE4AA-6F23-4DCA-AB8B-BED67AEC3CA0}.Debug|x86.ActiveCfg = Debug|Win32
		{24FDE4AA-6F23-4DCA-AB8B-BED67AEC3CA0}.Debug|x86.Build.0 = Debug|Win32
		{24FDE4AA-6F23-4DCA-AB8B-BED67AEC3CA0}.Release|x64.ActiveCfg = Release|x64
		{24FDE4AA-6F23-4DCA-AB8B-BED67AEC3CA0}.Release|x64.Build.0 = Release|x64
		{24FDE4AA-6F23-4DCA-AB8B-BED67AEC3CA0}.Release|x86.ActiveCfg = Release|Win32
		{24FDE4AA-6F23-4DCA-AB8B-BED67AEC3CA0}.Release|x86.Build.0 = Release|Win32
		{037B7CC6-A0FF-48E4-9D3A-1020DA889EBB}.Debug|x64.ActiveCfg = Debug|x64
		{037B7CC6-A0FF-48E4-9D3A-1020DA889EBB}.Debug|x64.Build.0 = Debug|x64
		{037B7CC6-A0FF-48E4-9D3A-1020DA889EBB}.Debug|x86.ActiveCfg = Debug|Win32
		{037B7CC6-A0FF-48E4-9D3A-1020DA889EBB}.Debug|x86.Build.0 = Debug|Win32
		{037B7CC6-A0FF-48E4-9D3A-1020DA889EBB}.Release|x64.ActiveCfg = Release|x64
		{037B7CC6-A0FF-48E4-9D3A-1020DA889EBB}.Release|x64.Build.0 = Release|x64
		{037B7CC6-A0FF-48E4-9D3A-1020DA889EBB}.Release|x86.ActiveCfg = Release|Win32
		{037B7CC6-A0FF-48E4-9D3A-1020DA889EBB}.Release|x86.Build.0 = Release|Win32
		{AD9A90EA-002A-4A79-92EA-4843F89D1693}.Debug|x64.ActiveCfg = Debug|x64
		{AD9A90EA-002A-4A79-92EA-4843F89D1693}.Debug|x64.Build.0 = Debug|x64
		{AD9A90EA-002A-4A79-92EA-4843F89D1693}.Debug|x86.ActiveCfg = Debug|Win32
		{AD9A90EA-002A-4A79-92EA-4843F89D1693}.Debug|x86.Build.0 = Debug|Win32
		{AD9A90EA-002A-4A79-92EA-4843F89D1693}.Release|x64.ActiveCfg = Release|x64
		{AD9A90EA-002A-4A79-92EA-4843F89D1693}.Release|x64.Build.0 = Release|x64
		{AD9A90EA-002A-4A79-92EA-4843F89D1693}.Release|x86.ActiveCfg = Release|Win32
		{AD9A90EA-002A-4A79-92EA-4843F89D1693}.Release|x86.Build.0 = Release|Win32
		{FD3268DE-CDD5-4DBA-9E54-8AD3E7CFFB68}.Debug|x64.ActiveCfg = Debug|x64
		{FD3268DE-CDD5-4DBA-9E54-8AD3E7CFFB68}.Debug|x64.Build.0 = Debug|x64
		{FD3268DE-CDD5-4DBA-9E54-8AD3E7CFFB68}.Debug|x86.ActiveCfg = Debug|Win32
		{FD3268DE-CDD5-4DBA-9E54-8AD3E7CFFB68}.Debug|x86.Build.0 = Debug|Win32
		{FD3268DE-CDD5-4DBA-9E54-8AD3E7CFFB68}.Release|x64.ActiveCfg = Release|x64
		{FD3268DE-CDD5-4DBA-9E54-8AD3E7CFFB68}.Release|x64.Build.0 = Release|x64
		{FD3268DE-CDD5-4DBA-9E54-8AD3E7CFFB68}.Release|x86.ActiveCfg = Release|Win32
		{FD3268DE-CDD5-4DBA-9E54-8AD3E7CFFB68}.Release|x86.Build.0 = Release|Win32
	EndGlobalSection
	GlobalSection(SolutionProperties) = preSolution
		HideSolutionNode = FALSE
	EndGlobalSection
	GlobalSection(ExtensibilityGlobals) = postSolution
		SolutionGuid = {CA2CECE5-A9B7-41AA-B763-2BD3409464BF}
	EndGlobalSection
EndGlobal
