
Microsoft Visual Studio Solution File, Format Version 12.00
# Visual Studio Version 16
VisualStudioVersion = 16.0.30611.23
MinimumVisualStudioVersion = 10.0.40219.1
Project("{8BC9CEB8-8B4A-11D0-8D11-00A0C91BC942}") = "QuestionC055", "QuestionC055\QuestionC055.vcxproj", "{6DCB63D0-A991-4441-BEAF-398154B26398}"
EndProject
Project("{8BC9CEB8-8B4A-11D0-8D11-00A0C91BC942}") = "QuestionC005", "QuestionC005\QuestionC005.vcxproj", "{2C796A70-8A56-4986-B5DC-3A3CDD8F8288}"
EndProject
Project("{8BC9CEB8-8B4A-11D0-8D11-00A0C91BC942}") = "QuestionC006", "QuestionC006\QuestionC006.vcxproj", "{26BDC76F-7293-456C-8CD8-F77CD241557C}"
EndProject
Project("{8BC9CEB8-8B4A-11D0-8D11-00A0C91BC942}") = "QuestionC017", "QuestionC017\QuestionC017.vcxproj", "{787CBF09-AB85-4D99-853A-3B36CF84B992}"
EndProject
Project("{8BC9CEB8-8B4A-11D0-8D11-00A0C91BC942}") = "QuestionC042", "QuestionC042\QuestionC042.vcxproj", "{E7F6D0A6-EE51-4E67-8F2F-1FEAC9F01D2D}"
EndProject
Project("{8BC9CEB8-8B4A-11D0-8D11-00A0C91BC942}") = "QuestionC043", "QuestionC043\QuestionC043.vcxproj", "{C906AFFA-AC2B-49BC-B4FF-9E225ABB3F72}"
EndProject
Project("{8BC9CEB8-8B4A-11D0-8D11-00A0C91BC942}") = "QuestionC044", "QuestionC044\QuestionC044.vcxproj", "{6D82B514-0558-49C4-A098-A2CD5A156BBB}"
EndProject
Project("{8BC9CEB8-8B4A-11D0-8D11-00A0C91BC942}") = "QuestionC046", "QuestionC046\QuestionC046.vcxproj", "{24FDE4AA-6F23-4DCA-AB8B-BED67AEC3CA0}"
EndProject
Project("{8BC9CEB8-8B4A-11D0-8D11-00A0C91BC942}") = "QuestionC048", "QuestionC048\QuestionC048.vcxproj", "{037B7CC6-A0FF-48E4-9D3A-1020DA889EBB}"
EndProject
Project("{8BC9CEB8-8B4A-11D0-8D11-00A0C91BC942}") = "QuestionC049", "QuestionC049\QuestionC049.vcxproj", "{AD9A90EA-002A-4A79-92EA-4843F89D1693}"
EndProject
Project("{8BC9CEB8-8B4A-11D0-8D11-00A0C91BC942}") = "QuestionC053", "QuestionC053\QuestionC053.vcxproj", "{FD3268DE-CDD5-4DBA-9E54-8AD3E7CFFB68}"
EndProject
Project("{8BC9CEB8-8B4A-11D0-8D11-00A0C91BC942}") = "TestC", "TestC\TestC.vcxproj", "{EB57C1AB-5970-4EA8-89B0-D90A74B00E71}"
EndProject
Project("{8BC9CEB8-8B4A-11D0-8D11-00A0C91BC942}") = "QuestionC001", "QuestionC001\QuestionC001.vcxproj", "{742B5598-BDC5-4EF9-B7D4-6D958BE3623A}"
EndProject
Project("{8BC9CEB8-8B4A-11D0-8D11-00A0C91BC942}") = "QuestionC003", "QuestionC003\QuestionC003.vcxproj", "{37DA1AC7-DAC6-4B16-A25A-80D34ADCEA10}"
EndProject
Project("{8BC9CEB8-8B4A-11D0-8D11-00A0C91BC942}") = "QuestionC060", "QuestionC060\QuestionC060.vcxproj", "{B0AD209B-BCF1-4AA6-A9FC-7B6B21C305F3}"
EndProject
Project("{8BC9CEB8-8B4A-11D0-8D11-00A0C91BC942}") = "QuestionC004", "QuestionC004\QuestionC004.vcxproj", "{0464D8D2-B7DD-46C1-98D3-E37164EC018B}"
EndProject
Project("{8BC9CEB8-8B4A-11D0-8D11-00A0C91BC942}") = "QuestionC007", "QuestionC007\QuestionC007.vcxproj", "{861B4C24-4CBD-4567-9F98-B8E251851088}"
EndProject
Project("{8BC9CEB8-8B4A-11D0-8D11-00A0C91BC942}") = "QuestionC009", "QuestionC009\QuestionC009.vcxproj", "{CA608313-2252-4322-AB0D-8D85392AF4A6}"
EndProject
Project("{8BC9CEB8-8B4A-11D0-8D11-00A0C91BC942}") = "QuestionC069", "QuestionC069\QuestionC069.vcxproj", "{82C5B407-C94C-444C-8985-DEBAB8CD5627}"
EndProject
Project("{8BC9CEB8-8B4A-11D0-8D11-00A0C91BC942}") = "QuestionC011", "QuestionC011\QuestionC011.vcxproj", "{E9FF5D2B-C215-49E9-9BD0-7D6ED7922AAC}"
EndProject
Project("{8BC9CEB8-8B4A-11D0-8D11-00A0C91BC942}") = "QuestionC012", "QuestionC012\QuestionC012.vcxproj", "{AD66D84A-DA14-4DCF-9B86-BA51EC2E4084}"
EndProject
Project("{8BC9CEB8-8B4A-11D0-8D11-00A0C91BC942}") = "QuestionC031", "QuestionC031\QuestionC031.vcxproj", "{FC97DE7D-8BEF-422C-B175-A77DF0ECFA5A}"
EndProject
Project("{8BC9CEB8-8B4A-11D0-8D11-00A0C91BC942}") = "QuestionC014", "QuestionC014\QuestionC014.vcxproj", "{483E888E-8931-44E3-B955-90C098C63925}"
EndProject
Project("{8BC9CEB8-8B4A-11D0-8D11-00A0C91BC942}") = "QuestionC032", "QuestionC032\QuestionC032.vcxproj", "{A5916C2F-DB51-4AC9-9FD4-E3B144EC19A8}"
EndProject
Project("{8BC9CEB8-8B4A-11D0-8D11-00A0C91BC942}") = "QuestionC016", "QuestionC016\QuestionC016.vcxproj", "{A504E24C-606D-4369-BB32-789BA024FF97}"
EndProject
Project("{8BC9CEB8-8B4A-11D0-8D11-00A0C91BC942}") = "QuestionC018", "QuestionC018\QuestionC018.vcxproj", "{E14CAAEA-C588-4B66-86C8-F4DDB9BED6EE}"
EndProject
Project("{8BC9CEB8-8B4A-11D0-8D11-00A0C91BC942}") = "QuestionC050", "QuestionC050\QuestionC050.vcxproj", "{CA1F87A2-092E-47C9-8C9D-55E287298FF4}"
EndProject
Project("{2150E333-8FDC-42A3-9474-1A3956D46DE8}") = "Group01", "Group01", "{5121F853-5E1D-47F8-96CA-76519F0C819C}"
EndProject
Project("{2150E333-8FDC-42A3-9474-1A3956D46DE8}") = "Group02", "Group02", "{47C86233-DF7D-4303-8EED-24E84302716D}"
EndProject
Project("{2150E333-8FDC-42A3-9474-1A3956D46DE8}") = "Group03", "Group03", "{D3C25968-8A58-45F1-BB9F-C71F9DBE6112}"
EndProject
Project("{8BC9CEB8-8B4A-11D0-8D11-00A0C91BC942}") = "QuestionC061", "QuestionC061\QuestionC061.vcxproj", "{BF8239BB-D679-41D3-AC54-084A378A11CC}"
EndProject
Project("{8BC9CEB8-8B4A-11D0-8D11-00A0C91BC942}") = "QuestionC062", "QuestionC062\QuestionC062.vcxproj", "{093594F1-1A97-4059-B51E-1ED754588300}"
EndProject
Project("{8BC9CEB8-8B4A-11D0-8D11-00A0C91BC942}") = "QuestionC125", "QuestionC125\QuestionC125.vcxproj", "{54CFEF00-BB38-4F67-9D45-D4B1EB458BD1}"
EndProject
Project("{8BC9CEB8-8B4A-11D0-8D11-00A0C91BC942}") = "QuestionC013", "QuestionC013\QuestionC013.vcxproj", "{5D063FAD-92F4-4FFD-A5AA-CB823D339573}"
EndProject
Project("{8BC9CEB8-8B4A-11D0-8D11-00A0C91BC942}") = "QuestionC033", "QuestionC033\QuestionC033.vcxproj", "{E1A1B734-C45F-402E-848A-0BC4D5524B2E}"
EndProject
Project("{8BC9CEB8-8B4A-11D0-8D11-00A0C91BC942}") = "QuestionC019", "QuestionC019\QuestionC019.vcxproj", "{BDF888CC-7F01-4A5D-926E-189394EB0848}"
EndProject
Project("{8BC9CEB8-8B4A-11D0-8D11-00A0C91BC942}") = "QuestionC020", "QuestionC020\QuestionC020.vcxproj", "{D645126F-FB3D-4983-AA3E-490EFB892491}"
EndProject
Project("{8BC9CEB8-8B4A-11D0-8D11-00A0C91BC942}") = "QuestionC024", "QuestionC024\QuestionC024.vcxproj", "{8DAB006E-9F89-4C9A-9B9B-C9E2D660A1E4}"
EndProject
Project("{8BC9CEB8-8B4A-11D0-8D11-00A0C91BC942}") = "QuestionC039", "QuestionC039\QuestionC039.vcxproj", "{82802165-C647-42D9-890C-ABD0831267EB}"
EndProject
Project("{8BC9CEB8-8B4A-11D0-8D11-00A0C91BC942}") = "QuestionC041", "QuestionC041\QuestionC041.vcxproj", "{BF4BE2B9-C9E3-4BDA-9936-F777AE00AB0B}"
EndProject
Project("{8BC9CEB8-8B4A-11D0-8D11-00A0C91BC942}") = "QuestionC102", "QuestionC102\QuestionC102.vcxproj", "{00A9F30A-6475-451D-9168-DBF2C01974B1}"
EndProject
Project("{8BC9CEB8-8B4A-11D0-8D11-00A0C91BC942}") = "QuestionC051", "QuestionC051\QuestionC051.vcxproj", "{983D565D-C647-4E0D-9427-23F5E5DF7ED7}"
EndProject
Project("{8BC9CEB8-8B4A-11D0-8D11-00A0C91BC942}") = "QuestionC052", "QuestionC052\QuestionC052.vcxproj", "{0AFC41AA-1233-4AA1-8335-96431B65EF77}"
EndProject
Project("{8BC9CEB8-8B4A-11D0-8D11-00A0C91BC942}") = "QuestionC054", "QuestionC054\QuestionC054.vcxproj", "{76ED1318-B82B-4EFD-A8BA-52CA5AEF2F9F}"
EndProject
Project("{8BC9CEB8-8B4A-11D0-8D11-00A0C91BC942}") = "QuestionC056", "QuestionC056\QuestionC056.vcxproj", "{CB784FE8-950C-428E-AC78-1CD9A2F05D00}"
EndProject
Project("{8BC9CEB8-8B4A-11D0-8D11-00A0C91BC942}") = "QuestionC059", "QuestionC059\QuestionC059.vcxproj", "{5439BA91-8ED6-40D1-A72D-5C8E1F1063F1}"
EndProject
Project("{2150E333-8FDC-42A3-9474-1A3956D46DE8}") = "Group05", "Group05", "{F2A519DC-F7BE-4275-BEDF-9140DC29D3B2}"
EndProject
Project("{8BC9CEB8-8B4A-11D0-8D11-00A0C91BC942}") = "QuestionC068", "QuestionC068\QuestionC068.vcxproj", "{220A8BAA-AC0C-4CE9-9E9F-383F609DD4C8}"
EndProject
Project("{8BC9CEB8-8B4A-11D0-8D11-00A0C91BC942}") = "QuestionC070", "QuestionC070\QuestionC070.vcxproj", "{C0850ED3-E019-425B-9C19-B516E3E800B9}"
EndProject
Project("{8BC9CEB8-8B4A-11D0-8D11-00A0C91BC942}") = "QuestionC095", "QuestionC095\QuestionC095.vcxproj", "{F60179D5-C391-4718-AA03-5D34723D124D}"
EndProject
Project("{8BC9CEB8-8B4A-11D0-8D11-00A0C91BC942}") = "QuestionC129", "QuestionC129\QuestionC129.vcxproj", "{CF584E95-434A-47F4-B3BE-E3B75D621F77}"
EndProject
Project("{8BC9CEB8-8B4A-11D0-8D11-00A0C91BC942}") = "QuestionC015", "QuestionC015\QuestionC015.vcxproj", "{A44394E8-BE95-4D43-8F7A-CD475DAA06AE}"
EndProject
Project("{8BC9CEB8-8B4A-11D0-8D11-00A0C91BC942}") = "QuestionC025", "QuestionC025\QuestionC025.vcxproj", "{6E1C8FBE-68EC-4B17-939B-E9206E9E0A79}"
EndProject
Project("{8BC9CEB8-8B4A-11D0-8D11-00A0C91BC942}") = "QuestionC028", "QuestionC028\QuestionC028.vcxproj", "{552CEC21-99AE-4699-BCDC-503C6E067749}"
EndProject
Project("{8BC9CEB8-8B4A-11D0-8D11-00A0C91BC942}") = "QuestionC104", "QuestionC104\QuestionC104.vcxproj", "{B0E51E68-30DD-4518-A7C2-9478F322E721}"
EndProject
Project("{2150E333-8FDC-42A3-9474-1A3956D46DE8}") = "Group04", "Group04", "{B0E813AE-055C-4DD6-9DB0-4754E6785044}"
EndProject
Project("{8BC9CEB8-8B4A-11D0-8D11-00A0C91BC942}") = "QuestionC088", "QuestionC088\QuestionC088.vcxproj", "{E7907BAA-BDFE-4EE1-9133-D40C0B423322}"
EndProject
Project("{8BC9CEB8-8B4A-11D0-8D11-00A0C91BC942}") = "QuestionC107", "QuestionC107\QuestionC107.vcxproj", "{13C2B230-D797-4F0C-B1F7-B207CCD50FE0}"
EndProject
Project("{8BC9CEB8-8B4A-11D0-8D11-00A0C91BC942}") = "QuestionC109", "QuestionC109\QuestionC109.vcxproj", "{9E380454-DAD7-47DC-AEED-568DB47E4199}"
EndProject
Project("{8BC9CEB8-8B4A-11D0-8D11-00A0C91BC942}") = "QuestionC112", "QuestionC112\QuestionC112.vcxproj", "{A4856F36-4D3E-4D52-B516-F381FB21051C}"
EndProject
Project("{8BC9CEB8-8B4A-11D0-8D11-00A0C91BC942}") = "QuestionC113", "QuestionC113\QuestionC113.vcxproj", "{696C750B-7028-4AB5-BF05-73C51C85A6E7}"
EndProject
Project("{8BC9CEB8-8B4A-11D0-8D11-00A0C91BC942}") = "QuestionC118", "QuestionC118\QuestionC118.vcxproj", "{45B689DE-9AED-46CF-9270-5D912ED1C9F7}"
EndProject
Project("{8BC9CEB8-8B4A-11D0-8D11-00A0C91BC942}") = "QuestionC002", "QuestionC002\QuestionC002.vcxproj", "{77DF36B5-8B47-4F0C-B87E-B8714809FDDC}"
EndProject
Project("{8BC9CEB8-8B4A-11D0-8D11-00A0C91BC942}") = "QuestionC121", "QuestionC121\QuestionC121.vcxproj", "{F8C0A997-C258-4A87-8DD5-04B9F9D09F89}"
EndProject
Project("{8BC9CEB8-8B4A-11D0-8D11-00A0C91BC942}") = "QuestionC065", "QuestionC065\QuestionC065.vcxproj", "{3DEBA418-98AD-4ACA-A85B-3626C355E527}"
EndProject
Project("{8BC9CEB8-8B4A-11D0-8D11-00A0C91BC942}") = "QuestionC126", "QuestionC126\QuestionC126.vcxproj", "{A322CA47-A2CB-4B9F-A450-66F99851BDD9}"
EndProject
Project("{8BC9CEB8-8B4A-11D0-8D11-00A0C91BC942}") = "QuestionC071", "QuestionC071\QuestionC071.vcxproj", "{41B376D1-6808-4C1F-ADDC-B6E2B81A3B5E}"
EndProject
Project("{8BC9CEB8-8B4A-11D0-8D11-00A0C91BC942}") = "QuestionC096", "QuestionC096\QuestionC096.vcxproj", "{DFF2EA36-CD9B-4D91-A7C0-8583A3D1ECFB}"
EndProject
Project("{8BC9CEB8-8B4A-11D0-8D11-00A0C91BC942}") = "QuestionC097", "QuestionC097\QuestionC097.vcxproj", "{3AD74498-7124-4006-A350-66C8B4361026}"
EndProject
Project("{8BC9CEB8-8B4A-11D0-8D11-00A0C91BC942}") = "QuestionC038", "QuestionC038\QuestionC038.vcxproj", "{E91DE6C6-BB78-4A13-891C-65786B932E81}"
EndProject
Project("{8BC9CEB8-8B4A-11D0-8D11-00A0C91BC942}") = "QuestionC040", "QuestionC040\QuestionC040.vcxproj", "{AA3B5843-1965-404E-8832-B3E1623B06EC}"
EndProject
Project("{8BC9CEB8-8B4A-11D0-8D11-00A0C91BC942}") = "QuestionC030", "QuestionC030\QuestionC030.vcxproj", "{B3F4030C-C71E-4A5D-B548-F629635D0BE2}"
EndProject
Project("{8BC9CEB8-8B4A-11D0-8D11-00A0C91BC942}") = "QuestionC085", "QuestionC085\QuestionC085.vcxproj", "{0FFF2DBF-98A3-4FF0-B90A-BB01DCAD669E}"
EndProject
Project("{8BC9CEB8-8B4A-11D0-8D11-00A0C91BC942}") = "QuestionC086", "QuestionC086\QuestionC086.vcxproj", "{52D135F9-64C0-4211-BEF9-DB7376B613E3}"
EndProject
Project("{8BC9CEB8-8B4A-11D0-8D11-00A0C91BC942}") = "QuestionC119", "QuestionC119\QuestionC119.vcxproj", "{ECB8D7CD-7624-47B4-82ED-D0539196579B}"
EndProject
Project("{8BC9CEB8-8B4A-11D0-8D11-00A0C91BC942}") = "QuestionC116", "QuestionC116\QuestionC116.vcxproj", "{9BE1CFAE-4EDB-47BE-AAF1-B3EF95DBB42A}"
EndProject
Project("{8BC9CEB8-8B4A-11D0-8D11-00A0C91BC942}") = "QuestionC066", "QuestionC066\QuestionC066.vcxproj", "{50A9BD3A-D2DE-4D02-850C-9E1750EE1ACA}"
EndProject
Project("{2150E333-8FDC-42A3-9474-1A3956D46DE8}") = "Group06", "Group06", "{42B1397D-6DCF-4564-AF7A-A01412CE133C}"
EndProject
Project("{8BC9CEB8-8B4A-11D0-8D11-00A0C91BC942}") = "QuestionC120", "QuestionC120\QuestionC120.vcxproj", "{B3988732-2AE2-4B1E-93E2-2B0D848ED604}"
EndProject
Project("{8BC9CEB8-8B4A-11D0-8D11-00A0C91BC942}") = "QuestionC092", "QuestionC092\QuestionC092.vcxproj", "{0F08A4BB-C483-445B-B191-7BAD9D289928}"
EndProject
Project("{8BC9CEB8-8B4A-11D0-8D11-00A0C91BC942}") = "QuestionC067", "QuestionC067\QuestionC067.vcxproj", "{5212CD0B-7243-4067-9F05-357DB27925F2}"
EndProject
Project("{8BC9CEB8-8B4A-11D0-8D11-00A0C91BC942}") = "QuestionC093", "QuestionC093\QuestionC093.vcxproj", "{9A975292-F3C8-4B9A-8131-279381348A12}"
EndProject
Project("{8BC9CEB8-8B4A-11D0-8D11-00A0C91BC942}") = "QuestionC072", "QuestionC072\QuestionC072.vcxproj", "{0F817699-BDB3-4A7F-B6C8-C8D4C4A90029}"
EndProject
Project("{8BC9CEB8-8B4A-11D0-8D11-00A0C91BC942}") = "FunctionList", "FunctionList\FunctionList.vcxproj", "{0502215A-B2FC-42A4-887E-B56C15DE43EB}"
EndProject
Project("{8BC9CEB8-8B4A-11D0-8D11-00A0C91BC942}") = "QuestionC077", "QuestionC077\QuestionC077.vcxproj", "{0FC751BF-5D57-41D0-B7BC-A15F1FD274C4}"
EndProject
Project("{8BC9CEB8-8B4A-11D0-8D11-00A0C91BC942}") = "QuestionC078", "QuestionC078\QuestionC078.vcxproj", "{28577E51-CE5D-478A-8B80-4475CAB9E12E}"
EndProject
Project("{8BC9CEB8-8B4A-11D0-8D11-00A0C91BC942}") = "QuestionC079", "QuestionC079\QuestionC079.vcxproj", "{6E217631-9614-4F6A-9429-3DFE2B435C3C}"
EndProject
Project("{8BC9CEB8-8B4A-11D0-8D11-00A0C91BC942}") = "QuestionC100", "QuestionC100\QuestionC100.vcxproj", "{55A92B5B-63FD-4165-A45E-D3C6464CF29D}"
EndProject
Project("{8BC9CEB8-8B4A-11D0-8D11-00A0C91BC942}") = "QuestionC134", "QuestionC134\QuestionC134.vcxproj", "{178CDFD3-A0C0-47D8-B689-A35147EEFD45}"
EndProject
Project("{8BC9CEB8-8B4A-11D0-8D11-00A0C91BC942}") = "QuestionC080", "QuestionC080\QuestionC080.vcxproj", "{F4AB6192-E46F-4A72-8BA3-B3C6753285A9}"
EndProject
Project("{8BC9CEB8-8B4A-11D0-8D11-00A0C91BC942}") = "QuestionC081", "QuestionC081\QuestionC081.vcxproj", "{2025A304-1173-4DA5-9B8A-57A2C73E7058}"
EndProject
Project("{8BC9CEB8-8B4A-11D0-8D11-00A0C91BC942}") = "QuestionC082", "QuestionC082\QuestionC082.vcxproj", "{FCA54613-3863-4A46-A1E7-3A196CC9FE40}"
EndProject
Project("{8BC9CEB8-8B4A-11D0-8D11-00A0C91BC942}") = "QuestionC083", "QuestionC083\QuestionC083.vcxproj", "{C45BE4E3-881B-4F12-B7BD-C54198EFFF96}"
EndProject
Project("{8BC9CEB8-8B4A-11D0-8D11-00A0C91BC942}") = "QuestionC084", "QuestionC084\QuestionC084.vcxproj", "{0A4105A8-3266-4067-AB09-E1FB9C12A871}"
EndProject
Global
	GlobalSection(SolutionConfigurationPlatforms) = preSolution
		Debug|x64 = Debug|x64
		Debug|x86 = Debug|x86
		Release|x64 = Release|x64
		Release|x86 = Release|x86
	EndGlobalSection
	GlobalSection(ProjectConfigurationPlatforms) = postSolution
		{6DCB63D0-A991-4441-BEAF-398154B26398}.Debug|x64.ActiveCfg = Debug|x64
		{6DCB63D0-A991-4441-BEAF-398154B26398}.Debug|x64.Build.0 = Debug|x64
		{6DCB63D0-A991-4441-BEAF-398154B26398}.Debug|x86.ActiveCfg = Debug|Win32
		{6DCB63D0-A991-4441-BEAF-398154B26398}.Debug|x86.Build.0 = Debug|Win32
		{6DCB63D0-A991-4441-BEAF-398154B26398}.Release|x64.ActiveCfg = Release|x64
		{6DCB63D0-A991-4441-BEAF-398154B26398}.Release|x64.Build.0 = Release|x64
		{6DCB63D0-A991-4441-BEAF-398154B26398}.Release|x86.ActiveCfg = Release|Win32
		{6DCB63D0-A991-4441-BEAF-398154B26398}.Release|x86.Build.0 = Release|Win32
		{2C796A70-8A56-4986-B5DC-3A3CDD8F8288}.Debug|x64.ActiveCfg = Debug|x64
		{2C796A70-8A56-4986-B5DC-3A3CDD8F8288}.Debug|x64.Build.0 = Debug|x64
		{2C796A70-8A56-4986-B5DC-3A3CDD8F8288}.Debug|x86.ActiveCfg = Debug|Win32
		{2C796A70-8A56-4986-B5DC-3A3CDD8F8288}.Debug|x86.Build.0 = Debug|Win32
		{2C796A70-8A56-4986-B5DC-3A3CDD8F8288}.Release|x64.ActiveCfg = Release|x64
		{2C796A70-8A56-4986-B5DC-3A3CDD8F8288}.Release|x64.Build.0 = Release|x64
		{2C796A70-8A56-4986-B5DC-3A3CDD8F8288}.Release|x86.ActiveCfg = Release|Win32
		{2C796A70-8A56-4986-B5DC-3A3CDD8F8288}.Release|x86.Build.0 = Release|Win32
		{26BDC76F-7293-456C-8CD8-F77CD241557C}.Debug|x64.ActiveCfg = Debug|x64
		{26BDC76F-7293-456C-8CD8-F77CD241557C}.Debug|x64.Build.0 = Debug|x64
		{26BDC76F-7293-456C-8CD8-F77CD241557C}.Debug|x86.ActiveCfg = Debug|Win32
		{26BDC76F-7293-456C-8CD8-F77CD241557C}.Debug|x86.Build.0 = Debug|Win32
		{26BDC76F-7293-456C-8CD8-F77CD241557C}.Release|x64.ActiveCfg = Release|x64
		{26BDC76F-7293-456C-8CD8-F77CD241557C}.Release|x64.Build.0 = Release|x64
		{26BDC76F-7293-456C-8CD8-F77CD241557C}.Release|x86.ActiveCfg = Release|Win32
		{26BDC76F-7293-456C-8CD8-F77CD241557C}.Release|x86.Build.0 = Release|Win32
		{787CBF09-AB85-4D99-853A-3B36CF84B992}.Debug|x64.ActiveCfg = Debug|x64
		{787CBF09-AB85-4D99-853A-3B36CF84B992}.Debug|x64.Build.0 = Debug|x64
		{787CBF09-AB85-4D99-853A-3B36CF84B992}.Debug|x86.ActiveCfg = Debug|Win32
		{787CBF09-AB85-4D99-853A-3B36CF84B992}.Debug|x86.Build.0 = Debug|Win32
		{787CBF09-AB85-4D99-853A-3B36CF84B992}.Release|x64.ActiveCfg = Release|x64
		{787CBF09-AB85-4D99-853A-3B36CF84B992}.Release|x64.Build.0 = Release|x64
		{787CBF09-AB85-4D99-853A-3B36CF84B992}.Release|x86.ActiveCfg = Release|Win32
		{787CBF09-AB85-4D99-853A-3B36CF84B992}.Release|x86.Build.0 = Release|Win32
		{E7F6D0A6-EE51-4E67-8F2F-1FEAC9F01D2D}.Debug|x64.ActiveCfg = Debug|x64
		{E7F6D0A6-EE51-4E67-8F2F-1FEAC9F01D2D}.Debug|x64.Build.0 = Debug|x64
		{E7F6D0A6-EE51-4E67-8F2F-1FEAC9F01D2D}.Debug|x86.ActiveCfg = Debug|Win32
		{E7F6D0A6-EE51-4E67-8F2F-1FEAC9F01D2D}.Debug|x86.Build.0 = Debug|Win32
		{E7F6D0A6-EE51-4E67-8F2F-1FEAC9F01D2D}.Release|x64.ActiveCfg = Release|x64
		{E7F6D0A6-EE51-4E67-8F2F-1FEAC9F01D2D}.Release|x64.Build.0 = Release|x64
		{E7F6D0A6-EE51-4E67-8F2F-1FEAC9F01D2D}.Release|x86.ActiveCfg = Release|Win32
		{E7F6D0A6-EE51-4E67-8F2F-1FEAC9F01D2D}.Release|x86.Build.0 = Release|Win32
		{C906AFFA-AC2B-49BC-B4FF-9E225ABB3F72}.Debug|x64.ActiveCfg = Debug|x64
		{C906AFFA-AC2B-49BC-B4FF-9E225ABB3F72}.Debug|x64.Build.0 = Debug|x64
		{C906AFFA-AC2B-49BC-B4FF-9E225ABB3F72}.Debug|x86.ActiveCfg = Debug|Win32
		{C906AFFA-AC2B-49BC-B4FF-9E225ABB3F72}.Debug|x86.Build.0 = Debug|Win32
		{C906AFFA-AC2B-49BC-B4FF-9E225ABB3F72}.Release|x64.ActiveCfg = Release|x64
		{C906AFFA-AC2B-49BC-B4FF-9E225ABB3F72}.Release|x64.Build.0 = Release|x64
		{C906AFFA-AC2B-49BC-B4FF-9E225ABB3F72}.Release|x86.ActiveCfg = Release|Win32
		{C906AFFA-AC2B-49BC-B4FF-9E225ABB3F72}.Release|x86.Build.0 = Release|Win32
		{6D82B514-0558-49C4-A098-A2CD5A156BBB}.Debug|x64.ActiveCfg = Debug|x64
		{6D82B514-0558-49C4-A098-A2CD5A156BBB}.Debug|x64.Build.0 = Debug|x64
		{6D82B514-0558-49C4-A098-A2CD5A156BBB}.Debug|x86.ActiveCfg = Debug|Win32
		{6D82B514-0558-49C4-A098-A2CD5A156BBB}.Debug|x86.Build.0 = Debug|Win32
		{6D82B514-0558-49C4-A098-A2CD5A156BBB}.Release|x64.ActiveCfg = Release|x64
		{6D82B514-0558-49C4-A098-A2CD5A156BBB}.Release|x64.Build.0 = Release|x64
		{6D82B514-0558-49C4-A098-A2CD5A156BBB}.Release|x86.ActiveCfg = Release|Win32
		{6D82B514-0558-49C4-A098-A2CD5A156BBB}.Release|x86.Build.0 = Release|Win32
		{24FDE4AA-6F23-4DCA-AB8B-BED67AEC3CA0}.Debug|x64.ActiveCfg = Debug|x64
		{24FDE4AA-6F23-4DCA-AB8B-BED67AEC3CA0}.Debug|x64.Build.0 = Debug|x64
		{24FDE4AA-6F23-4DCA-AB8B-BED67AEC3CA0}.Debug|x86.ActiveCfg = Debug|Win32
		{24FDE4AA-6F23-4DCA-AB8B-BED67AEC3CA0}.Debug|x86.Build.0 = Debug|Win32
		{24FDE4AA-6F23-4DCA-AB8B-BED67AEC3CA0}.Release|x64.ActiveCfg = Release|x64
		{24FDE4AA-6F23-4DCA-AB8B-BED67AEC3CA0}.Release|x64.Build.0 = Release|x64
		{24FDE4AA-6F23-4DCA-AB8B-BED67AEC3CA0}.Release|x86.ActiveCfg = Release|Win32
		{24FDE4AA-6F23-4DCA-AB8B-BED67AEC3CA0}.Release|x86.Build.0 = Release|Win32
		{037B7CC6-A0FF-48E4-9D3A-1020DA889EBB}.Debug|x64.ActiveCfg = Debug|x64
		{037B7CC6-A0FF-48E4-9D3A-1020DA889EBB}.Debug|x64.Build.0 = Debug|x64
		{037B7CC6-A0FF-48E4-9D3A-1020DA889EBB}.Debug|x86.ActiveCfg = Debug|Win32
		{037B7CC6-A0FF-48E4-9D3A-1020DA889EBB}.Debug|x86.Build.0 = Debug|Win32
		{037B7CC6-A0FF-48E4-9D3A-1020DA889EBB}.Release|x64.ActiveCfg = Release|x64
		{037B7CC6-A0FF-48E4-9D3A-1020DA889EBB}.Release|x64.Build.0 = Release|x64
		{037B7CC6-A0FF-48E4-9D3A-1020DA889EBB}.Release|x86.ActiveCfg = Release|Win32
		{037B7CC6-A0FF-48E4-9D3A-1020DA889EBB}.Release|x86.Build.0 = Release|Win32
		{AD9A90EA-002A-4A79-92EA-4843F89D1693}.Debug|x64.ActiveCfg = Debug|x64
		{AD9A90EA-002A-4A79-92EA-4843F89D1693}.Debug|x64.Build.0 = Debug|x64
		{AD9A90EA-002A-4A79-92EA-4843F89D1693}.Debug|x86.ActiveCfg = Debug|Win32
		{AD9A90EA-002A-4A79-92EA-4843F89D1693}.Debug|x86.Build.0 = Debug|Win32
		{AD9A90EA-002A-4A79-92EA-4843F89D1693}.Release|x64.ActiveCfg = Release|x64
		{AD9A90EA-002A-4A79-92EA-4843F89D1693}.Release|x64.Build.0 = Release|x64
		{AD9A90EA-002A-4A79-92EA-4843F89D1693}.Release|x86.ActiveCfg = Release|Win32
		{AD9A90EA-002A-4A79-92EA-4843F89D1693}.Release|x86.Build.0 = Release|Win32
		{FD3268DE-CDD5-4DBA-9E54-8AD3E7CFFB68}.Debug|x64.ActiveCfg = Debug|x64
		{FD3268DE-CDD5-4DBA-9E54-8AD3E7CFFB68}.Debug|x64.Build.0 = Debug|x64
		{FD3268DE-CDD5-4DBA-9E54-8AD3E7CFFB68}.Debug|x86.ActiveCfg = Debug|Win32
		{FD3268DE-CDD5-4DBA-9E54-8AD3E7CFFB68}.Debug|x86.Build.0 = Debug|Win32
		{FD3268DE-CDD5-4DBA-9E54-8AD3E7CFFB68}.Release|x64.ActiveCfg = Release|x64
		{FD3268DE-CDD5-4DBA-9E54-8AD3E7CFFB68}.Release|x64.Build.0 = Release|x64
		{FD3268DE-CDD5-4DBA-9E54-8AD3E7CFFB68}.Release|x86.ActiveCfg = Release|Win32
		{FD3268DE-CDD5-4DBA-9E54-8AD3E7CFFB68}.Release|x86.Build.0 = Release|Win32
		{EB57C1AB-5970-4EA8-89B0-D90A74B00E71}.Debug|x64.ActiveCfg = Debug|x64
		{EB57C1AB-5970-4EA8-89B0-D90A74B00E71}.Debug|x64.Build.0 = Debug|x64
		{EB57C1AB-5970-4EA8-89B0-D90A74B00E71}.Debug|x86.ActiveCfg = Debug|Win32
		{EB57C1AB-5970-4EA8-89B0-D90A74B00E71}.Debug|x86.Build.0 = Debug|Win32
		{EB57C1AB-5970-4EA8-89B0-D90A74B00E71}.Release|x64.ActiveCfg = Release|x64
		{EB57C1AB-5970-4EA8-89B0-D90A74B00E71}.Release|x64.Build.0 = Release|x64
		{EB57C1AB-5970-4EA8-89B0-D90A74B00E71}.Release|x86.ActiveCfg = Release|Win32
		{EB57C1AB-5970-4EA8-89B0-D90A74B00E71}.Release|x86.Build.0 = Release|Win32
		{742B5598-BDC5-4EF9-B7D4-6D958BE3623A}.Debug|x64.ActiveCfg = Debug|x64
		{742B5598-BDC5-4EF9-B7D4-6D958BE3623A}.Debug|x64.Build.0 = Debug|x64
		{742B5598-BDC5-4EF9-B7D4-6D958BE3623A}.Debug|x86.ActiveCfg = Debug|Win32
		{742B5598-BDC5-4EF9-B7D4-6D958BE3623A}.Debug|x86.Build.0 = Debug|Win32
		{742B5598-BDC5-4EF9-B7D4-6D958BE3623A}.Release|x64.ActiveCfg = Release|x64
		{742B5598-BDC5-4EF9-B7D4-6D958BE3623A}.Release|x64.Build.0 = Release|x64
		{742B5598-BDC5-4EF9-B7D4-6D958BE3623A}.Release|x86.ActiveCfg = Release|Win32
		{742B5598-BDC5-4EF9-B7D4-6D958BE3623A}.Release|x86.Build.0 = Release|Win32
		{37DA1AC7-DAC6-4B16-A25A-80D34ADCEA10}.Debug|x64.ActiveCfg = Debug|x64
		{37DA1AC7-DAC6-4B16-A25A-80D34ADCEA10}.Debug|x64.Build.0 = Debug|x64
		{37DA1AC7-DAC6-4B16-A25A-80D34ADCEA10}.Debug|x86.ActiveCfg = Debug|Win32
		{37DA1AC7-DAC6-4B16-A25A-80D34ADCEA10}.Debug|x86.Build.0 = Debug|Win32
		{37DA1AC7-DAC6-4B16-A25A-80D34ADCEA10}.Release|x64.ActiveCfg = Release|x64
		{37DA1AC7-DAC6-4B16-A25A-80D34ADCEA10}.Release|x64.Build.0 = Release|x64
		{37DA1AC7-DAC6-4B16-A25A-80D34ADCEA10}.Release|x86.ActiveCfg = Release|Win32
		{37DA1AC7-DAC6-4B16-A25A-80D34ADCEA10}.Release|x86.Build.0 = Release|Win32
		{B0AD209B-BCF1-4AA6-A9FC-7B6B21C305F3}.Debug|x64.ActiveCfg = Debug|x64
		{B0AD209B-BCF1-4AA6-A9FC-7B6B21C305F3}.Debug|x64.Build.0 = Debug|x64
		{B0AD209B-BCF1-4AA6-A9FC-7B6B21C305F3}.Debug|x86.ActiveCfg = Debug|Win32
		{B0AD209B-BCF1-4AA6-A9FC-7B6B21C305F3}.Debug|x86.Build.0 = Debug|Win32
		{B0AD209B-BCF1-4AA6-A9FC-7B6B21C305F3}.Release|x64.ActiveCfg = Release|x64
		{B0AD209B-BCF1-4AA6-A9FC-7B6B21C305F3}.Release|x64.Build.0 = Release|x64
		{B0AD209B-BCF1-4AA6-A9FC-7B6B21C305F3}.Release|x86.ActiveCfg = Release|Win32
		{B0AD209B-BCF1-4AA6-A9FC-7B6B21C305F3}.Release|x86.Build.0 = Release|Win32
		{0464D8D2-B7DD-46C1-98D3-E37164EC018B}.Debug|x64.ActiveCfg = Debug|x64
		{0464D8D2-B7DD-46C1-98D3-E37164EC018B}.Debug|x64.Build.0 = Debug|x64
		{0464D8D2-B7DD-46C1-98D3-E37164EC018B}.Debug|x86.ActiveCfg = Debug|Win32
		{0464D8D2-B7DD-46C1-98D3-E37164EC018B}.Debug|x86.Build.0 = Debug|Win32
		{0464D8D2-B7DD-46C1-98D3-E37164EC018B}.Release|x64.ActiveCfg = Release|x64
		{0464D8D2-B7DD-46C1-98D3-E37164EC018B}.Release|x64.Build.0 = Release|x64
		{0464D8D2-B7DD-46C1-98D3-E37164EC018B}.Release|x86.ActiveCfg = Release|Win32
		{0464D8D2-B7DD-46C1-98D3-E37164EC018B}.Release|x86.Build.0 = Release|Win32
		{861B4C24-4CBD-4567-9F98-B8E251851088}.Debug|x64.ActiveCfg = Debug|x64
		{861B4C24-4CBD-4567-9F98-B8E251851088}.Debug|x64.Build.0 = Debug|x64
		{861B4C24-4CBD-4567-9F98-B8E251851088}.Debug|x86.ActiveCfg = Debug|Win32
		{861B4C24-4CBD-4567-9F98-B8E251851088}.Debug|x86.Build.0 = Debug|Win32
		{861B4C24-4CBD-4567-9F98-B8E251851088}.Release|x64.ActiveCfg = Release|x64
		{861B4C24-4CBD-4567-9F98-B8E251851088}.Release|x64.Build.0 = Release|x64
		{861B4C24-4CBD-4567-9F98-B8E251851088}.Release|x86.ActiveCfg = Release|Win32
		{861B4C24-4CBD-4567-9F98-B8E251851088}.Release|x86.Build.0 = Release|Win32
		{CA608313-2252-4322-AB0D-8D85392AF4A6}.Debug|x64.ActiveCfg = Debug|x64
		{CA608313-2252-4322-AB0D-8D85392AF4A6}.Debug|x64.Build.0 = Debug|x64
		{CA608313-2252-4322-AB0D-8D85392AF4A6}.Debug|x86.ActiveCfg = Debug|Win32
		{CA608313-2252-4322-AB0D-8D85392AF4A6}.Debug|x86.Build.0 = Debug|Win32
		{CA608313-2252-4322-AB0D-8D85392AF4A6}.Release|x64.ActiveCfg = Release|x64
		{CA608313-2252-4322-AB0D-8D85392AF4A6}.Release|x64.Build.0 = Release|x64
		{CA608313-2252-4322-AB0D-8D85392AF4A6}.Release|x86.ActiveCfg = Release|Win32
		{CA608313-2252-4322-AB0D-8D85392AF4A6}.Release|x86.Build.0 = Release|Win32
		{82C5B407-C94C-444C-8985-DEBAB8CD5627}.Debug|x64.ActiveCfg = Debug|x64
		{82C5B407-C94C-444C-8985-DEBAB8CD5627}.Debug|x64.Build.0 = Debug|x64
		{82C5B407-C94C-444C-8985-DEBAB8CD5627}.Debug|x86.ActiveCfg = Debug|Win32
		{82C5B407-C94C-444C-8985-DEBAB8CD5627}.Debug|x86.Build.0 = Debug|Win32
		{82C5B407-C94C-444C-8985-DEBAB8CD5627}.Release|x64.ActiveCfg = Release|x64
		{82C5B407-C94C-444C-8985-DEBAB8CD5627}.Release|x64.Build.0 = Release|x64
		{82C5B407-C94C-444C-8985-DEBAB8CD5627}.Release|x86.ActiveCfg = Release|Win32
		{82C5B407-C94C-444C-8985-DEBAB8CD5627}.Release|x86.Build.0 = Release|Win32
		{E9FF5D2B-C215-49E9-9BD0-7D6ED7922AAC}.Debug|x64.ActiveCfg = Debug|x64
		{E9FF5D2B-C215-49E9-9BD0-7D6ED7922AAC}.Debug|x64.Build.0 = Debug|x64
		{E9FF5D2B-C215-49E9-9BD0-7D6ED7922AAC}.Debug|x86.ActiveCfg = Debug|Win32
		{E9FF5D2B-C215-49E9-9BD0-7D6ED7922AAC}.Debug|x86.Build.0 = Debug|Win32
		{E9FF5D2B-C215-49E9-9BD0-7D6ED7922AAC}.Release|x64.ActiveCfg = Release|x64
		{E9FF5D2B-C215-49E9-9BD0-7D6ED7922AAC}.Release|x64.Build.0 = Release|x64
		{E9FF5D2B-C215-49E9-9BD0-7D6ED7922AAC}.Release|x86.ActiveCfg = Release|Win32
		{E9FF5D2B-C215-49E9-9BD0-7D6ED7922AAC}.Release|x86.Build.0 = Release|Win32
		{AD66D84A-DA14-4DCF-9B86-BA51EC2E4084}.Debug|x64.ActiveCfg = Debug|x64
		{AD66D84A-DA14-4DCF-9B86-BA51EC2E4084}.Debug|x64.Build.0 = Debug|x64
		{AD66D84A-DA14-4DCF-9B86-BA51EC2E4084}.Debug|x86.ActiveCfg = Debug|Win32
		{AD66D84A-DA14-4DCF-9B86-BA51EC2E4084}.Debug|x86.Build.0 = Debug|Win32
		{AD66D84A-DA14-4DCF-9B86-BA51EC2E4084}.Release|x64.ActiveCfg = Release|x64
		{AD66D84A-DA14-4DCF-9B86-BA51EC2E4084}.Release|x64.Build.0 = Release|x64
		{AD66D84A-DA14-4DCF-9B86-BA51EC2E4084}.Release|x86.ActiveCfg = Release|Win32
		{AD66D84A-DA14-4DCF-9B86-BA51EC2E4084}.Release|x86.Build.0 = Release|Win32
		{FC97DE7D-8BEF-422C-B175-A77DF0ECFA5A}.Debug|x64.ActiveCfg = Debug|x64
		{FC97DE7D-8BEF-422C-B175-A77DF0ECFA5A}.Debug|x64.Build.0 = Debug|x64
		{FC97DE7D-8BEF-422C-B175-A77DF0ECFA5A}.Debug|x86.ActiveCfg = Debug|Win32
		{FC97DE7D-8BEF-422C-B175-A77DF0ECFA5A}.Debug|x86.Build.0 = Debug|Win32
		{FC97DE7D-8BEF-422C-B175-A77DF0ECFA5A}.Release|x64.ActiveCfg = Release|x64
		{FC97DE7D-8BEF-422C-B175-A77DF0ECFA5A}.Release|x64.Build.0 = Release|x64
		{FC97DE7D-8BEF-422C-B175-A77DF0ECFA5A}.Release|x86.ActiveCfg = Release|Win32
		{FC97DE7D-8BEF-422C-B175-A77DF0ECFA5A}.Release|x86.Build.0 = Release|Win32
		{483E888E-8931-44E3-B955-90C098C63925}.Debug|x64.ActiveCfg = Debug|x64
		{483E888E-8931-44E3-B955-90C098C63925}.Debug|x64.Build.0 = Debug|x64
		{483E888E-8931-44E3-B955-90C098C63925}.Debug|x86.ActiveCfg = Debug|Win32
		{483E888E-8931-44E3-B955-90C098C63925}.Debug|x86.Build.0 = Debug|Win32
		{483E888E-8931-44E3-B955-90C098C63925}.Release|x64.ActiveCfg = Release|x64
		{483E888E-8931-44E3-B955-90C098C63925}.Release|x64.Build.0 = Release|x64
		{483E888E-8931-44E3-B955-90C098C63925}.Release|x86.ActiveCfg = Release|Win32
		{483E888E-8931-44E3-B955-90C098C63925}.Release|x86.Build.0 = Release|Win32
		{A5916C2F-DB51-4AC9-9FD4-E3B144EC19A8}.Debug|x64.ActiveCfg = Debug|x64
		{A5916C2F-DB51-4AC9-9FD4-E3B144EC19A8}.Debug|x64.Build.0 = Debug|x64
		{A5916C2F-DB51-4AC9-9FD4-E3B144EC19A8}.Debug|x86.ActiveCfg = Debug|Win32
		{A5916C2F-DB51-4AC9-9FD4-E3B144EC19A8}.Debug|x86.Build.0 = Debug|Win32
		{A5916C2F-DB51-4AC9-9FD4-E3B144EC19A8}.Release|x64.ActiveCfg = Release|x64
		{A5916C2F-DB51-4AC9-9FD4-E3B144EC19A8}.Release|x64.Build.0 = Release|x64
		{A5916C2F-DB51-4AC9-9FD4-E3B144EC19A8}.Release|x86.ActiveCfg = Release|Win32
		{A5916C2F-DB51-4AC9-9FD4-E3B144EC19A8}.Release|x86.Build.0 = Release|Win32
		{A504E24C-606D-4369-BB32-789BA024FF97}.Debug|x64.ActiveCfg = Debug|x64
		{A504E24C-606D-4369-BB32-789BA024FF97}.Debug|x64.Build.0 = Debug|x64
		{A504E24C-606D-4369-BB32-789BA024FF97}.Debug|x86.ActiveCfg = Debug|Win32
		{A504E24C-606D-4369-BB32-789BA024FF97}.Debug|x86.Build.0 = Debug|Win32
		{A504E24C-606D-4369-BB32-789BA024FF97}.Release|x64.ActiveCfg = Release|x64
		{A504E24C-606D-4369-BB32-789BA024FF97}.Release|x64.Build.0 = Release|x64
		{A504E24C-606D-4369-BB32-789BA024FF97}.Release|x86.ActiveCfg = Release|Win32
		{A504E24C-606D-4369-BB32-789BA024FF97}.Release|x86.Build.0 = Release|Win32
		{E14CAAEA-C588-4B66-86C8-F4DDB9BED6EE}.Debug|x64.ActiveCfg = Debug|x64
		{E14CAAEA-C588-4B66-86C8-F4DDB9BED6EE}.Debug|x64.Build.0 = Debug|x64
		{E14CAAEA-C588-4B66-86C8-F4DDB9BED6EE}.Debug|x86.ActiveCfg = Debug|Win32
		{E14CAAEA-C588-4B66-86C8-F4DDB9BED6EE}.Debug|x86.Build.0 = Debug|Win32
		{E14CAAEA-C588-4B66-86C8-F4DDB9BED6EE}.Release|x64.ActiveCfg = Release|x64
		{E14CAAEA-C588-4B66-86C8-F4DDB9BED6EE}.Release|x64.Build.0 = Release|x64
		{E14CAAEA-C588-4B66-86C8-F4DDB9BED6EE}.Release|x86.ActiveCfg = Release|Win32
		{E14CAAEA-C588-4B66-86C8-F4DDB9BED6EE}.Release|x86.Build.0 = Release|Win32
		{CA1F87A2-092E-47C9-8C9D-55E287298FF4}.Debug|x64.ActiveCfg = Debug|x64
		{CA1F87A2-092E-47C9-8C9D-55E287298FF4}.Debug|x64.Build.0 = Debug|x64
		{CA1F87A2-092E-47C9-8C9D-55E287298FF4}.Debug|x86.ActiveCfg = Debug|Win32
		{CA1F87A2-092E-47C9-8C9D-55E287298FF4}.Debug|x86.Build.0 = Debug|Win32
		{CA1F87A2-092E-47C9-8C9D-55E287298FF4}.Release|x64.ActiveCfg = Release|x64
		{CA1F87A2-092E-47C9-8C9D-55E287298FF4}.Release|x64.Build.0 = Release|x64
		{CA1F87A2-092E-47C9-8C9D-55E287298FF4}.Release|x86.ActiveCfg = Release|Win32
		{CA1F87A2-092E-47C9-8C9D-55E287298FF4}.Release|x86.Build.0 = Release|Win32
		{BF8239BB-D679-41D3-AC54-084A378A11CC}.Debug|x64.ActiveCfg = Debug|x64
		{BF8239BB-D679-41D3-AC54-084A378A11CC}.Debug|x64.Build.0 = Debug|x64
		{BF8239BB-D679-41D3-AC54-084A378A11CC}.Debug|x86.ActiveCfg = Debug|Win32
		{BF8239BB-D679-41D3-AC54-084A378A11CC}.Debug|x86.Build.0 = Debug|Win32
		{BF8239BB-D679-41D3-AC54-084A378A11CC}.Release|x64.ActiveCfg = Release|x64
		{BF8239BB-D679-41D3-AC54-084A378A11CC}.Release|x64.Build.0 = Release|x64
		{BF8239BB-D679-41D3-AC54-084A378A11CC}.Release|x86.ActiveCfg = Release|Win32
		{BF8239BB-D679-41D3-AC54-084A378A11CC}.Release|x86.Build.0 = Release|Win32
		{093594F1-1A97-4059-B51E-1ED754588300}.Debug|x64.ActiveCfg = Debug|x64
		{093594F1-1A97-4059-B51E-1ED754588300}.Debug|x64.Build.0 = Debug|x64
		{093594F1-1A97-4059-B51E-1ED754588300}.Debug|x86.ActiveCfg = Debug|Win32
		{093594F1-1A97-4059-B51E-1ED754588300}.Debug|x86.Build.0 = Debug|Win32
		{093594F1-1A97-4059-B51E-1ED754588300}.Release|x64.ActiveCfg = Release|x64
		{093594F1-1A97-4059-B51E-1ED754588300}.Release|x64.Build.0 = Release|x64
		{093594F1-1A97-4059-B51E-1ED754588300}.Release|x86.ActiveCfg = Release|Win32
		{093594F1-1A97-4059-B51E-1ED754588300}.Release|x86.Build.0 = Release|Win32
		{54CFEF00-BB38-4F67-9D45-D4B1EB458BD1}.Debug|x64.ActiveCfg = Debug|x64
		{54CFEF00-BB38-4F67-9D45-D4B1EB458BD1}.Debug|x64.Build.0 = Debug|x64
		{54CFEF00-BB38-4F67-9D45-D4B1EB458BD1}.Debug|x86.ActiveCfg = Debug|Win32
		{54CFEF00-BB38-4F67-9D45-D4B1EB458BD1}.Debug|x86.Build.0 = Debug|Win32
		{54CFEF00-BB38-4F67-9D45-D4B1EB458BD1}.Release|x64.ActiveCfg = Release|x64
		{54CFEF00-BB38-4F67-9D45-D4B1EB458BD1}.Release|x64.Build.0 = Release|x64
		{54CFEF00-BB38-4F67-9D45-D4B1EB458BD1}.Release|x86.ActiveCfg = Release|Win32
		{54CFEF00-BB38-4F67-9D45-D4B1EB458BD1}.Release|x86.Build.0 = Release|Win32
		{5D063FAD-92F4-4FFD-A5AA-CB823D339573}.Debug|x64.ActiveCfg = Debug|x64
		{5D063FAD-92F4-4FFD-A5AA-CB823D339573}.Debug|x64.Build.0 = Debug|x64
		{5D063FAD-92F4-4FFD-A5AA-CB823D339573}.Debug|x86.ActiveCfg = Debug|Win32
		{5D063FAD-92F4-4FFD-A5AA-CB823D339573}.Debug|x86.Build.0 = Debug|Win32
		{5D063FAD-92F4-4FFD-A5AA-CB823D339573}.Release|x64.ActiveCfg = Release|x64
		{5D063FAD-92F4-4FFD-A5AA-CB823D339573}.Release|x64.Build.0 = Release|x64
		{5D063FAD-92F4-4FFD-A5AA-CB823D339573}.Release|x86.ActiveCfg = Release|Win32
		{5D063FAD-92F4-4FFD-A5AA-CB823D339573}.Release|x86.Build.0 = Release|Win32
		{E1A1B734-C45F-402E-848A-0BC4D5524B2E}.Debug|x64.ActiveCfg = Debug|x64
		{E1A1B734-C45F-402E-848A-0BC4D5524B2E}.Debug|x64.Build.0 = Debug|x64
		{E1A1B734-C45F-402E-848A-0BC4D5524B2E}.Debug|x86.ActiveCfg = Debug|Win32
		{E1A1B734-C45F-402E-848A-0BC4D5524B2E}.Debug|x86.Build.0 = Debug|Win32
		{E1A1B734-C45F-402E-848A-0BC4D5524B2E}.Release|x64.ActiveCfg = Release|x64
		{E1A1B734-C45F-402E-848A-0BC4D5524B2E}.Release|x64.Build.0 = Release|x64
		{E1A1B734-C45F-402E-848A-0BC4D5524B2E}.Release|x86.ActiveCfg = Release|Win32
		{E1A1B734-C45F-402E-848A-0BC4D5524B2E}.Release|x86.Build.0 = Release|Win32
		{BDF888CC-7F01-4A5D-926E-189394EB0848}.Debug|x64.ActiveCfg = Debug|x64
		{BDF888CC-7F01-4A5D-926E-189394EB0848}.Debug|x64.Build.0 = Debug|x64
		{BDF888CC-7F01-4A5D-926E-189394EB0848}.Debug|x86.ActiveCfg = Debug|Win32
		{BDF888CC-7F01-4A5D-926E-189394EB0848}.Debug|x86.Build.0 = Debug|Win32
		{BDF888CC-7F01-4A5D-926E-189394EB0848}.Release|x64.ActiveCfg = Release|x64
		{BDF888CC-7F01-4A5D-926E-189394EB0848}.Release|x64.Build.0 = Release|x64
		{BDF888CC-7F01-4A5D-926E-189394EB0848}.Release|x86.ActiveCfg = Release|Win32
		{BDF888CC-7F01-4A5D-926E-189394EB0848}.Release|x86.Build.0 = Release|Win32
		{D645126F-FB3D-4983-AA3E-490EFB892491}.Debug|x64.ActiveCfg = Debug|x64
		{D645126F-FB3D-4983-AA3E-490EFB892491}.Debug|x64.Build.0 = Debug|x64
		{D645126F-FB3D-4983-AA3E-490EFB892491}.Debug|x86.ActiveCfg = Debug|Win32
		{D645126F-FB3D-4983-AA3E-490EFB892491}.Debug|x86.Build.0 = Debug|Win32
		{D645126F-FB3D-4983-AA3E-490EFB892491}.Release|x64.ActiveCfg = Release|x64
		{D645126F-FB3D-4983-AA3E-490EFB892491}.Release|x64.Build.0 = Release|x64
		{D645126F-FB3D-4983-AA3E-490EFB892491}.Release|x86.ActiveCfg = Release|Win32
		{D645126F-FB3D-4983-AA3E-490EFB892491}.Release|x86.Build.0 = Release|Win32
		{8DAB006E-9F89-4C9A-9B9B-C9E2D660A1E4}.Debug|x64.ActiveCfg = Debug|x64
		{8DAB006E-9F89-4C9A-9B9B-C9E2D660A1E4}.Debug|x64.Build.0 = Debug|x64
		{8DAB006E-9F89-4C9A-9B9B-C9E2D660A1E4}.Debug|x86.ActiveCfg = Debug|Win32
		{8DAB006E-9F89-4C9A-9B9B-C9E2D660A1E4}.Debug|x86.Build.0 = Debug|Win32
		{8DAB006E-9F89-4C9A-9B9B-C9E2D660A1E4}.Release|x64.ActiveCfg = Release|x64
		{8DAB006E-9F89-4C9A-9B9B-C9E2D660A1E4}.Release|x64.Build.0 = Release|x64
		{8DAB006E-9F89-4C9A-9B9B-C9E2D660A1E4}.Release|x86.ActiveCfg = Release|Win32
		{8DAB006E-9F89-4C9A-9B9B-C9E2D660A1E4}.Release|x86.Build.0 = Release|Win32
		{82802165-C647-42D9-890C-ABD0831267EB}.Debug|x64.ActiveCfg = Debug|x64
		{82802165-C647-42D9-890C-ABD0831267EB}.Debug|x64.Build.0 = Debug|x64
		{82802165-C647-42D9-890C-ABD0831267EB}.Debug|x86.ActiveCfg = Debug|Win32
		{82802165-C647-42D9-890C-ABD0831267EB}.Debug|x86.Build.0 = Debug|Win32
		{82802165-C647-42D9-890C-ABD0831267EB}.Release|x64.ActiveCfg = Release|x64
		{82802165-C647-42D9-890C-ABD0831267EB}.Release|x64.Build.0 = Release|x64
		{82802165-C647-42D9-890C-ABD0831267EB}.Release|x86.ActiveCfg = Release|Win32
		{82802165-C647-42D9-890C-ABD0831267EB}.Release|x86.Build.0 = Release|Win32
		{BF4BE2B9-C9E3-4BDA-9936-F777AE00AB0B}.Debug|x64.ActiveCfg = Debug|x64
		{BF4BE2B9-C9E3-4BDA-9936-F777AE00AB0B}.Debug|x64.Build.0 = Debug|x64
		{BF4BE2B9-C9E3-4BDA-9936-F777AE00AB0B}.Debug|x86.ActiveCfg = Debug|Win32
		{BF4BE2B9-C9E3-4BDA-9936-F777AE00AB0B}.Debug|x86.Build.0 = Debug|Win32
		{BF4BE2B9-C9E3-4BDA-9936-F777AE00AB0B}.Release|x64.ActiveCfg = Release|x64
		{BF4BE2B9-C9E3-4BDA-9936-F777AE00AB0B}.Release|x64.Build.0 = Release|x64
		{BF4BE2B9-C9E3-4BDA-9936-F777AE00AB0B}.Release|x86.ActiveCfg = Release|Win32
		{BF4BE2B9-C9E3-4BDA-9936-F777AE00AB0B}.Release|x86.Build.0 = Release|Win32
		{00A9F30A-6475-451D-9168-DBF2C01974B1}.Debug|x64.ActiveCfg = Debug|x64
		{00A9F30A-6475-451D-9168-DBF2C01974B1}.Debug|x64.Build.0 = Debug|x64
		{00A9F30A-6475-451D-9168-DBF2C01974B1}.Debug|x86.ActiveCfg = Debug|Win32
		{00A9F30A-6475-451D-9168-DBF2C01974B1}.Debug|x86.Build.0 = Debug|Win32
		{00A9F30A-6475-451D-9168-DBF2C01974B1}.Release|x64.ActiveCfg = Release|x64
		{00A9F30A-6475-451D-9168-DBF2C01974B1}.Release|x64.Build.0 = Release|x64
		{00A9F30A-6475-451D-9168-DBF2C01974B1}.Release|x86.ActiveCfg = Release|Win32
		{00A9F30A-6475-451D-9168-DBF2C01974B1}.Release|x86.Build.0 = Release|Win32
		{983D565D-C647-4E0D-9427-23F5E5DF7ED7}.Debug|x64.ActiveCfg = Debug|x64
		{983D565D-C647-4E0D-9427-23F5E5DF7ED7}.Debug|x64.Build.0 = Debug|x64
		{983D565D-C647-4E0D-9427-23F5E5DF7ED7}.Debug|x86.ActiveCfg = Debug|Win32
		{983D565D-C647-4E0D-9427-23F5E5DF7ED7}.Debug|x86.Build.0 = Debug|Win32
		{983D565D-C647-4E0D-9427-23F5E5DF7ED7}.Release|x64.ActiveCfg = Release|x64
		{983D565D-C647-4E0D-9427-23F5E5DF7ED7}.Release|x64.Build.0 = Release|x64
		{983D565D-C647-4E0D-9427-23F5E5DF7ED7}.Release|x86.ActiveCfg = Release|Win32
		{983D565D-C647-4E0D-9427-23F5E5DF7ED7}.Release|x86.Build.0 = Release|Win32
		{0AFC41AA-1233-4AA1-8335-96431B65EF77}.Debug|x64.ActiveCfg = Debug|x64
		{0AFC41AA-1233-4AA1-8335-96431B65EF77}.Debug|x64.Build.0 = Debug|x64
		{0AFC41AA-1233-4AA1-8335-96431B65EF77}.Debug|x86.ActiveCfg = Debug|Win32
		{0AFC41AA-1233-4AA1-8335-96431B65EF77}.Debug|x86.Build.0 = Debug|Win32
		{0AFC41AA-1233-4AA1-8335-96431B65EF77}.Release|x64.ActiveCfg = Release|x64
		{0AFC41AA-1233-4AA1-8335-96431B65EF77}.Release|x64.Build.0 = Release|x64
		{0AFC41AA-1233-4AA1-8335-96431B65EF77}.Release|x86.ActiveCfg = Release|Win32
		{0AFC41AA-1233-4AA1-8335-96431B65EF77}.Release|x86.Build.0 = Release|Win32
		{76ED1318-B82B-4EFD-A8BA-52CA5AEF2F9F}.Debug|x64.ActiveCfg = Debug|x64
		{76ED1318-B82B-4EFD-A8BA-52CA5AEF2F9F}.Debug|x64.Build.0 = Debug|x64
		{76ED1318-B82B-4EFD-A8BA-52CA5AEF2F9F}.Debug|x86.ActiveCfg = Debug|Win32
		{76ED1318-B82B-4EFD-A8BA-52CA5AEF2F9F}.Debug|x86.Build.0 = Debug|Win32
		{76ED1318-B82B-4EFD-A8BA-52CA5AEF2F9F}.Release|x64.ActiveCfg = Release|x64
		{76ED1318-B82B-4EFD-A8BA-52CA5AEF2F9F}.Release|x64.Build.0 = Release|x64
		{76ED1318-B82B-4EFD-A8BA-52CA5AEF2F9F}.Release|x86.ActiveCfg = Release|Win32
		{76ED1318-B82B-4EFD-A8BA-52CA5AEF2F9F}.Release|x86.Build.0 = Release|Win32
		{CB784FE8-950C-428E-AC78-1CD9A2F05D00}.Debug|x64.ActiveCfg = Debug|x64
		{CB784FE8-950C-428E-AC78-1CD9A2F05D00}.Debug|x64.Build.0 = Debug|x64
		{CB784FE8-950C-428E-AC78-1CD9A2F05D00}.Debug|x86.ActiveCfg = Debug|Win32
		{CB784FE8-950C-428E-AC78-1CD9A2F05D00}.Debug|x86.Build.0 = Debug|Win32
		{CB784FE8-950C-428E-AC78-1CD9A2F05D00}.Release|x64.ActiveCfg = Release|x64
		{CB784FE8-950C-428E-AC78-1CD9A2F05D00}.Release|x64.Build.0 = Release|x64
		{CB784FE8-950C-428E-AC78-1CD9A2F05D00}.Release|x86.ActiveCfg = Release|Win32
		{CB784FE8-950C-428E-AC78-1CD9A2F05D00}.Release|x86.Build.0 = Release|Win32
		{5439BA91-8ED6-40D1-A72D-5C8E1F1063F1}.Debug|x64.ActiveCfg = Debug|x64
		{5439BA91-8ED6-40D1-A72D-5C8E1F1063F1}.Debug|x64.Build.0 = Debug|x64
		{5439BA91-8ED6-40D1-A72D-5C8E1F1063F1}.Debug|x86.ActiveCfg = Debug|Win32
		{5439BA91-8ED6-40D1-A72D-5C8E1F1063F1}.Debug|x86.Build.0 = Debug|Win32
		{5439BA91-8ED6-40D1-A72D-5C8E1F1063F1}.Release|x64.ActiveCfg = Release|x64
		{5439BA91-8ED6-40D1-A72D-5C8E1F1063F1}.Release|x64.Build.0 = Release|x64
		{5439BA91-8ED6-40D1-A72D-5C8E1F1063F1}.Release|x86.ActiveCfg = Release|Win32
		{5439BA91-8ED6-40D1-A72D-5C8E1F1063F1}.Release|x86.Build.0 = Release|Win32
		{220A8BAA-AC0C-4CE9-9E9F-383F609DD4C8}.Debug|x64.ActiveCfg = Debug|x64
		{220A8BAA-AC0C-4CE9-9E9F-383F609DD4C8}.Debug|x64.Build.0 = Debug|x64
		{220A8BAA-AC0C-4CE9-9E9F-383F609DD4C8}.Debug|x86.ActiveCfg = Debug|Win32
		{220A8BAA-AC0C-4CE9-9E9F-383F609DD4C8}.Debug|x86.Build.0 = Debug|Win32
		{220A8BAA-AC0C-4CE9-9E9F-383F609DD4C8}.Release|x64.ActiveCfg = Release|x64
		{220A8BAA-AC0C-4CE9-9E9F-383F609DD4C8}.Release|x64.Build.0 = Release|x64
		{220A8BAA-AC0C-4CE9-9E9F-383F609DD4C8}.Release|x86.ActiveCfg = Release|Win32
		{220A8BAA-AC0C-4CE9-9E9F-383F609DD4C8}.Release|x86.Build.0 = Release|Win32
		{C0850ED3-E019-425B-9C19-B516E3E800B9}.Debug|x64.ActiveCfg = Debug|x64
		{C0850ED3-E019-425B-9C19-B516E3E800B9}.Debug|x64.Build.0 = Debug|x64
		{C0850ED3-E019-425B-9C19-B516E3E800B9}.Debug|x86.ActiveCfg = Debug|Win32
		{C0850ED3-E019-425B-9C19-B516E3E800B9}.Debug|x86.Build.0 = Debug|Win32
		{C0850ED3-E019-425B-9C19-B516E3E800B9}.Release|x64.ActiveCfg = Release|x64
		{C0850ED3-E019-425B-9C19-B516E3E800B9}.Release|x64.Build.0 = Release|x64
		{C0850ED3-E019-425B-9C19-B516E3E800B9}.Release|x86.ActiveCfg = Release|Win32
		{C0850ED3-E019-425B-9C19-B516E3E800B9}.Release|x86.Build.0 = Release|Win32
		{F60179D5-C391-4718-AA03-5D34723D124D}.Debug|x64.ActiveCfg = Debug|x64
		{F60179D5-C391-4718-AA03-5D34723D124D}.Debug|x64.Build.0 = Debug|x64
		{F60179D5-C391-4718-AA03-5D34723D124D}.Debug|x86.ActiveCfg = Debug|Win32
		{F60179D5-C391-4718-AA03-5D34723D124D}.Debug|x86.Build.0 = Debug|Win32
		{F60179D5-C391-4718-AA03-5D34723D124D}.Release|x64.ActiveCfg = Release|x64
		{F60179D5-C391-4718-AA03-5D34723D124D}.Release|x64.Build.0 = Release|x64
		{F60179D5-C391-4718-AA03-5D34723D124D}.Release|x86.ActiveCfg = Release|Win32
		{F60179D5-C391-4718-AA03-5D34723D124D}.Release|x86.Build.0 = Release|Win32
		{CF584E95-434A-47F4-B3BE-E3B75D621F77}.Debug|x64.ActiveCfg = Debug|x64
		{CF584E95-434A-47F4-B3BE-E3B75D621F77}.Debug|x64.Build.0 = Debug|x64
		{CF584E95-434A-47F4-B3BE-E3B75D621F77}.Debug|x86.ActiveCfg = Debug|Win32
		{CF584E95-434A-47F4-B3BE-E3B75D621F77}.Debug|x86.Build.0 = Debug|Win32
		{CF584E95-434A-47F4-B3BE-E3B75D621F77}.Release|x64.ActiveCfg = Release|x64
		{CF584E95-434A-47F4-B3BE-E3B75D621F77}.Release|x64.Build.0 = Release|x64
		{CF584E95-434A-47F4-B3BE-E3B75D621F77}.Release|x86.ActiveCfg = Release|Win32
		{CF584E95-434A-47F4-B3BE-E3B75D621F77}.Release|x86.Build.0 = Release|Win32
		{A44394E8-BE95-4D43-8F7A-CD475DAA06AE}.Debug|x64.ActiveCfg = Debug|x64
		{A44394E8-BE95-4D43-8F7A-CD475DAA06AE}.Debug|x64.Build.0 = Debug|x64
		{A44394E8-BE95-4D43-8F7A-CD475DAA06AE}.Debug|x86.ActiveCfg = Debug|Win32
		{A44394E8-BE95-4D43-8F7A-CD475DAA06AE}.Debug|x86.Build.0 = Debug|Win32
		{A44394E8-BE95-4D43-8F7A-CD475DAA06AE}.Release|x64.ActiveCfg = Release|x64
		{A44394E8-BE95-4D43-8F7A-CD475DAA06AE}.Release|x64.Build.0 = Release|x64
		{A44394E8-BE95-4D43-8F7A-CD475DAA06AE}.Release|x86.ActiveCfg = Release|Win32
		{A44394E8-BE95-4D43-8F7A-CD475DAA06AE}.Release|x86.Build.0 = Release|Win32
		{6E1C8FBE-68EC-4B17-939B-E9206E9E0A79}.Debug|x64.ActiveCfg = Debug|x64
		{6E1C8FBE-68EC-4B17-939B-E9206E9E0A79}.Debug|x64.Build.0 = Debug|x64
		{6E1C8FBE-68EC-4B17-939B-E9206E9E0A79}.Debug|x86.ActiveCfg = Debug|Win32
		{6E1C8FBE-68EC-4B17-939B-E9206E9E0A79}.Debug|x86.Build.0 = Debug|Win32
		{6E1C8FBE-68EC-4B17-939B-E9206E9E0A79}.Release|x64.ActiveCfg = Release|x64
		{6E1C8FBE-68EC-4B17-939B-E9206E9E0A79}.Release|x64.Build.0 = Release|x64
		{6E1C8FBE-68EC-4B17-939B-E9206E9E0A79}.Release|x86.ActiveCfg = Release|Win32
		{6E1C8FBE-68EC-4B17-939B-E9206E9E0A79}.Release|x86.Build.0 = Release|Win32
		{552CEC21-99AE-4699-BCDC-503C6E067749}.Debug|x64.ActiveCfg = Debug|x64
		{552CEC21-99AE-4699-BCDC-503C6E067749}.Debug|x64.Build.0 = Debug|x64
		{552CEC21-99AE-4699-BCDC-503C6E067749}.Debug|x86.ActiveCfg = Debug|Win32
		{552CEC21-99AE-4699-BCDC-503C6E067749}.Debug|x86.Build.0 = Debug|Win32
		{552CEC21-99AE-4699-BCDC-503C6E067749}.Release|x64.ActiveCfg = Release|x64
		{552CEC21-99AE-4699-BCDC-503C6E067749}.Release|x64.Build.0 = Release|x64
		{552CEC21-99AE-4699-BCDC-503C6E067749}.Release|x86.ActiveCfg = Release|Win32
		{552CEC21-99AE-4699-BCDC-503C6E067749}.Release|x86.Build.0 = Release|Win32
		{B0E51E68-30DD-4518-A7C2-9478F322E721}.Debug|x64.ActiveCfg = Debug|x64
		{B0E51E68-30DD-4518-A7C2-9478F322E721}.Debug|x64.Build.0 = Debug|x64
		{B0E51E68-30DD-4518-A7C2-9478F322E721}.Debug|x86.ActiveCfg = Debug|Win32
		{B0E51E68-30DD-4518-A7C2-9478F322E721}.Debug|x86.Build.0 = Debug|Win32
		{B0E51E68-30DD-4518-A7C2-9478F322E721}.Release|x64.ActiveCfg = Release|x64
		{B0E51E68-30DD-4518-A7C2-9478F322E721}.Release|x64.Build.0 = Release|x64
		{B0E51E68-30DD-4518-A7C2-9478F322E721}.Release|x86.ActiveCfg = Release|Win32
		{B0E51E68-30DD-4518-A7C2-9478F322E721}.Release|x86.Build.0 = Release|Win32
		{E7907BAA-BDFE-4EE1-9133-D40C0B423322}.Debug|x64.ActiveCfg = Debug|x64
		{E7907BAA-BDFE-4EE1-9133-D40C0B423322}.Debug|x64.Build.0 = Debug|x64
		{E7907BAA-BDFE-4EE1-9133-D40C0B423322}.Debug|x86.ActiveCfg = Debug|Win32
		{E7907BAA-BDFE-4EE1-9133-D40C0B423322}.Debug|x86.Build.0 = Debug|Win32
		{E7907BAA-BDFE-4EE1-9133-D40C0B423322}.Release|x64.ActiveCfg = Release|x64
		{E7907BAA-BDFE-4EE1-9133-D40C0B423322}.Release|x64.Build.0 = Release|x64
		{E7907BAA-BDFE-4EE1-9133-D40C0B423322}.Release|x86.ActiveCfg = Release|Win32
		{E7907BAA-BDFE-4EE1-9133-D40C0B423322}.Release|x86.Build.0 = Release|Win32
		{13C2B230-D797-4F0C-B1F7-B207CCD50FE0}.Debug|x64.ActiveCfg = Debug|x64
		{13C2B230-D797-4F0C-B1F7-B207CCD50FE0}.Debug|x64.Build.0 = Debug|x64
		{13C2B230-D797-4F0C-B1F7-B207CCD50FE0}.Debug|x86.ActiveCfg = Debug|Win32
		{13C2B230-D797-4F0C-B1F7-B207CCD50FE0}.Debug|x86.Build.0 = Debug|Win32
		{13C2B230-D797-4F0C-B1F7-B207CCD50FE0}.Release|x64.ActiveCfg = Release|x64
		{13C2B230-D797-4F0C-B1F7-B207CCD50FE0}.Release|x64.Build.0 = Release|x64
		{13C2B230-D797-4F0C-B1F7-B207CCD50FE0}.Release|x86.ActiveCfg = Release|Win32
		{13C2B230-D797-4F0C-B1F7-B207CCD50FE0}.Release|x86.Build.0 = Release|Win32
		{9E380454-DAD7-47DC-AEED-568DB47E4199}.Debug|x64.ActiveCfg = Debug|x64
		{9E380454-DAD7-47DC-AEED-568DB47E4199}.Debug|x64.Build.0 = Debug|x64
		{9E380454-DAD7-47DC-AEED-568DB47E4199}.Debug|x86.ActiveCfg = Debug|Win32
		{9E380454-DAD7-47DC-AEED-568DB47E4199}.Debug|x86.Build.0 = Debug|Win32
		{9E380454-DAD7-47DC-AEED-568DB47E4199}.Release|x64.ActiveCfg = Release|x64
		{9E380454-DAD7-47DC-AEED-568DB47E4199}.Release|x64.Build.0 = Release|x64
		{9E380454-DAD7-47DC-AEED-568DB47E4199}.Release|x86.ActiveCfg = Release|Win32
		{9E380454-DAD7-47DC-AEED-568DB47E4199}.Release|x86.Build.0 = Release|Win32
		{A4856F36-4D3E-4D52-B516-F381FB21051C}.Debug|x64.ActiveCfg = Debug|x64
		{A4856F36-4D3E-4D52-B516-F381FB21051C}.Debug|x64.Build.0 = Debug|x64
		{A4856F36-4D3E-4D52-B516-F381FB21051C}.Debug|x86.ActiveCfg = Debug|Win32
		{A4856F36-4D3E-4D52-B516-F381FB21051C}.Debug|x86.Build.0 = Debug|Win32
		{A4856F36-4D3E-4D52-B516-F381FB21051C}.Release|x64.ActiveCfg = Release|x64
		{A4856F36-4D3E-4D52-B516-F381FB21051C}.Release|x64.Build.0 = Release|x64
		{A4856F36-4D3E-4D52-B516-F381FB21051C}.Release|x86.ActiveCfg = Release|Win32
		{A4856F36-4D3E-4D52-B516-F381FB21051C}.Release|x86.Build.0 = Release|Win32
		{696C750B-7028-4AB5-BF05-73C51C85A6E7}.Debug|x64.ActiveCfg = Debug|x64
		{696C750B-7028-4AB5-BF05-73C51C85A6E7}.Debug|x64.Build.0 = Debug|x64
		{696C750B-7028-4AB5-BF05-73C51C85A6E7}.Debug|x86.ActiveCfg = Debug|Win32
		{696C750B-7028-4AB5-BF05-73C51C85A6E7}.Debug|x86.Build.0 = Debug|Win32
		{696C750B-7028-4AB5-BF05-73C51C85A6E7}.Release|x64.ActiveCfg = Release|x64
		{696C750B-7028-4AB5-BF05-73C51C85A6E7}.Release|x64.Build.0 = Release|x64
		{696C750B-7028-4AB5-BF05-73C51C85A6E7}.Release|x86.ActiveCfg = Release|Win32
		{696C750B-7028-4AB5-BF05-73C51C85A6E7}.Release|x86.Build.0 = Release|Win32
		{45B689DE-9AED-46CF-9270-5D912ED1C9F7}.Debug|x64.ActiveCfg = Debug|x64
		{45B689DE-9AED-46CF-9270-5D912ED1C9F7}.Debug|x64.Build.0 = Debug|x64
		{45B689DE-9AED-46CF-9270-5D912ED1C9F7}.Debug|x86.ActiveCfg = Debug|Win32
		{45B689DE-9AED-46CF-9270-5D912ED1C9F7}.Debug|x86.Build.0 = Debug|Win32
		{45B689DE-9AED-46CF-9270-5D912ED1C9F7}.Release|x64.ActiveCfg = Release|x64
		{45B689DE-9AED-46CF-9270-5D912ED1C9F7}.Release|x64.Build.0 = Release|x64
		{45B689DE-9AED-46CF-9270-5D912ED1C9F7}.Release|x86.ActiveCfg = Release|Win32
		{45B689DE-9AED-46CF-9270-5D912ED1C9F7}.Release|x86.Build.0 = Release|Win32
		{77DF36B5-8B47-4F0C-B87E-B8714809FDDC}.Debug|x64.ActiveCfg = Debug|x64
		{77DF36B5-8B47-4F0C-B87E-B8714809FDDC}.Debug|x64.Build.0 = Debug|x64
		{77DF36B5-8B47-4F0C-B87E-B8714809FDDC}.Debug|x86.ActiveCfg = Debug|Win32
		{77DF36B5-8B47-4F0C-B87E-B8714809FDDC}.Debug|x86.Build.0 = Debug|Win32
		{77DF36B5-8B47-4F0C-B87E-B8714809FDDC}.Release|x64.ActiveCfg = Release|x64
		{77DF36B5-8B47-4F0C-B87E-B8714809FDDC}.Release|x64.Build.0 = Release|x64
		{77DF36B5-8B47-4F0C-B87E-B8714809FDDC}.Release|x86.ActiveCfg = Release|Win32
		{77DF36B5-8B47-4F0C-B87E-B8714809FDDC}.Release|x86.Build.0 = Release|Win32
		{F8C0A997-C258-4A87-8DD5-04B9F9D09F89}.Debug|x64.ActiveCfg = Debug|x64
		{F8C0A997-C258-4A87-8DD5-04B9F9D09F89}.Debug|x64.Build.0 = Debug|x64
		{F8C0A997-C258-4A87-8DD5-04B9F9D09F89}.Debug|x86.ActiveCfg = Debug|Win32
		{F8C0A997-C258-4A87-8DD5-04B9F9D09F89}.Debug|x86.Build.0 = Debug|Win32
		{F8C0A997-C258-4A87-8DD5-04B9F9D09F89}.Release|x64.ActiveCfg = Release|x64
		{F8C0A997-C258-4A87-8DD5-04B9F9D09F89}.Release|x64.Build.0 = Release|x64
		{F8C0A997-C258-4A87-8DD5-04B9F9D09F89}.Release|x86.ActiveCfg = Release|Win32
		{F8C0A997-C258-4A87-8DD5-04B9F9D09F89}.Release|x86.Build.0 = Release|Win32
		{3DEBA418-98AD-4ACA-A85B-3626C355E527}.Debug|x64.ActiveCfg = Debug|x64
		{3DEBA418-98AD-4ACA-A85B-3626C355E527}.Debug|x64.Build.0 = Debug|x64
		{3DEBA418-98AD-4ACA-A85B-3626C355E527}.Debug|x86.ActiveCfg = Debug|Win32
		{3DEBA418-98AD-4ACA-A85B-3626C355E527}.Debug|x86.Build.0 = Debug|Win32
		{3DEBA418-98AD-4ACA-A85B-3626C355E527}.Release|x64.ActiveCfg = Release|x64
		{3DEBA418-98AD-4ACA-A85B-3626C355E527}.Release|x64.Build.0 = Release|x64
		{3DEBA418-98AD-4ACA-A85B-3626C355E527}.Release|x86.ActiveCfg = Release|Win32
		{3DEBA418-98AD-4ACA-A85B-3626C355E527}.Release|x86.Build.0 = Release|Win32
		{A322CA47-A2CB-4B9F-A450-66F99851BDD9}.Debug|x64.ActiveCfg = Debug|x64
		{A322CA47-A2CB-4B9F-A450-66F99851BDD9}.Debug|x64.Build.0 = Debug|x64
		{A322CA47-A2CB-4B9F-A450-66F99851BDD9}.Debug|x86.ActiveCfg = Debug|Win32
		{A322CA47-A2CB-4B9F-A450-66F99851BDD9}.Debug|x86.Build.0 = Debug|Win32
		{A322CA47-A2CB-4B9F-A450-66F99851BDD9}.Release|x64.ActiveCfg = Release|x64
		{A322CA47-A2CB-4B9F-A450-66F99851BDD9}.Release|x64.Build.0 = Release|x64
		{A322CA47-A2CB-4B9F-A450-66F99851BDD9}.Release|x86.ActiveCfg = Release|Win32
		{A322CA47-A2CB-4B9F-A450-66F99851BDD9}.Release|x86.Build.0 = Release|Win32
		{41B376D1-6808-4C1F-ADDC-B6E2B81A3B5E}.Debug|x64.ActiveCfg = Debug|x64
		{41B376D1-6808-4C1F-ADDC-B6E2B81A3B5E}.Debug|x64.Build.0 = Debug|x64
		{41B376D1-6808-4C1F-ADDC-B6E2B81A3B5E}.Debug|x86.ActiveCfg = Debug|Win32
		{41B376D1-6808-4C1F-ADDC-B6E2B81A3B5E}.Debug|x86.Build.0 = Debug|Win32
		{41B376D1-6808-4C1F-ADDC-B6E2B81A3B5E}.Release|x64.ActiveCfg = Release|x64
		{41B376D1-6808-4C1F-ADDC-B6E2B81A3B5E}.Release|x64.Build.0 = Release|x64
		{41B376D1-6808-4C1F-ADDC-B6E2B81A3B5E}.Release|x86.ActiveCfg = Release|Win32
		{41B376D1-6808-4C1F-ADDC-B6E2B81A3B5E}.Release|x86.Build.0 = Release|Win32
		{DFF2EA36-CD9B-4D91-A7C0-8583A3D1ECFB}.Debug|x64.ActiveCfg = Debug|x64
		{DFF2EA36-CD9B-4D91-A7C0-8583A3D1ECFB}.Debug|x64.Build.0 = Debug|x64
		{DFF2EA36-CD9B-4D91-A7C0-8583A3D1ECFB}.Debug|x86.ActiveCfg = Debug|Win32
		{DFF2EA36-CD9B-4D91-A7C0-8583A3D1ECFB}.Debug|x86.Build.0 = Debug|Win32
		{DFF2EA36-CD9B-4D91-A7C0-8583A3D1ECFB}.Release|x64.ActiveCfg = Release|x64
		{DFF2EA36-CD9B-4D91-A7C0-8583A3D1ECFB}.Release|x64.Build.0 = Release|x64
		{DFF2EA36-CD9B-4D91-A7C0-8583A3D1ECFB}.Release|x86.ActiveCfg = Release|Win32
		{DFF2EA36-CD9B-4D91-A7C0-8583A3D1ECFB}.Release|x86.Build.0 = Release|Win32
		{3AD74498-7124-4006-A350-66C8B4361026}.Debug|x64.ActiveCfg = Debug|x64
		{3AD74498-7124-4006-A350-66C8B4361026}.Debug|x64.Build.0 = Debug|x64
		{3AD74498-7124-4006-A350-66C8B4361026}.Debug|x86.ActiveCfg = Debug|Win32
		{3AD74498-7124-4006-A350-66C8B4361026}.Debug|x86.Build.0 = Debug|Win32
		{3AD74498-7124-4006-A350-66C8B4361026}.Release|x64.ActiveCfg = Release|x64
		{3AD74498-7124-4006-A350-66C8B4361026}.Release|x64.Build.0 = Release|x64
		{3AD74498-7124-4006-A350-66C8B4361026}.Release|x86.ActiveCfg = Release|Win32
		{3AD74498-7124-4006-A350-66C8B4361026}.Release|x86.Build.0 = Release|Win32
		{E91DE6C6-BB78-4A13-891C-65786B932E81}.Debug|x64.ActiveCfg = Debug|x64
		{E91DE6C6-BB78-4A13-891C-65786B932E81}.Debug|x64.Build.0 = Debug|x64
		{E91DE6C6-BB78-4A13-891C-65786B932E81}.Debug|x86.ActiveCfg = Debug|Win32
		{E91DE6C6-BB78-4A13-891C-65786B932E81}.Debug|x86.Build.0 = Debug|Win32
		{E91DE6C6-BB78-4A13-891C-65786B932E81}.Release|x64.ActiveCfg = Release|x64
		{E91DE6C6-BB78-4A13-891C-65786B932E81}.Release|x64.Build.0 = Release|x64
		{E91DE6C6-BB78-4A13-891C-65786B932E81}.Release|x86.ActiveCfg = Release|Win32
		{E91DE6C6-BB78-4A13-891C-65786B932E81}.Release|x86.Build.0 = Release|Win32
		{AA3B5843-1965-404E-8832-B3E1623B06EC}.Debug|x64.ActiveCfg = Debug|x64
		{AA3B5843-1965-404E-8832-B3E1623B06EC}.Debug|x64.Build.0 = Debug|x64
		{AA3B5843-1965-404E-8832-B3E1623B06EC}.Debug|x86.ActiveCfg = Debug|Win32
		{AA3B5843-1965-404E-8832-B3E1623B06EC}.Debug|x86.Build.0 = Debug|Win32
		{AA3B5843-1965-404E-8832-B3E1623B06EC}.Release|x64.ActiveCfg = Release|x64
		{AA3B5843-1965-404E-8832-B3E1623B06EC}.Release|x64.Build.0 = Release|x64
		{AA3B5843-1965-404E-8832-B3E1623B06EC}.Release|x86.ActiveCfg = Release|Win32
		{AA3B5843-1965-404E-8832-B3E1623B06EC}.Release|x86.Build.0 = Release|Win32
		{B3F4030C-C71E-4A5D-B548-F629635D0BE2}.Debug|x64.ActiveCfg = Debug|x64
		{B3F4030C-C71E-4A5D-B548-F629635D0BE2}.Debug|x64.Build.0 = Debug|x64
		{B3F4030C-C71E-4A5D-B548-F629635D0BE2}.Debug|x86.ActiveCfg = Debug|Win32
		{B3F4030C-C71E-4A5D-B548-F629635D0BE2}.Debug|x86.Build.0 = Debug|Win32
		{B3F4030C-C71E-4A5D-B548-F629635D0BE2}.Release|x64.ActiveCfg = Release|x64
		{B3F4030C-C71E-4A5D-B548-F629635D0BE2}.Release|x64.Build.0 = Release|x64
		{B3F4030C-C71E-4A5D-B548-F629635D0BE2}.Release|x86.ActiveCfg = Release|Win32
		{B3F4030C-C71E-4A5D-B548-F629635D0BE2}.Release|x86.Build.0 = Release|Win32
		{0FFF2DBF-98A3-4FF0-B90A-BB01DCAD669E}.Debug|x64.ActiveCfg = Debug|x64
		{0FFF2DBF-98A3-4FF0-B90A-BB01DCAD669E}.Debug|x64.Build.0 = Debug|x64
		{0FFF2DBF-98A3-4FF0-B90A-BB01DCAD669E}.Debug|x86.ActiveCfg = Debug|Win32
		{0FFF2DBF-98A3-4FF0-B90A-BB01DCAD669E}.Debug|x86.Build.0 = Debug|Win32
		{0FFF2DBF-98A3-4FF0-B90A-BB01DCAD669E}.Release|x64.ActiveCfg = Release|x64
		{0FFF2DBF-98A3-4FF0-B90A-BB01DCAD669E}.Release|x64.Build.0 = Release|x64
		{0FFF2DBF-98A3-4FF0-B90A-BB01DCAD669E}.Release|x86.ActiveCfg = Release|Win32
		{0FFF2DBF-98A3-4FF0-B90A-BB01DCAD669E}.Release|x86.Build.0 = Release|Win32
		{52D135F9-64C0-4211-BEF9-DB7376B613E3}.Debug|x64.ActiveCfg = Debug|x64
		{52D135F9-64C0-4211-BEF9-DB7376B613E3}.Debug|x64.Build.0 = Debug|x64
		{52D135F9-64C0-4211-BEF9-DB7376B613E3}.Debug|x86.ActiveCfg = Debug|Win32
		{52D135F9-64C0-4211-BEF9-DB7376B613E3}.Debug|x86.Build.0 = Debug|Win32
		{52D135F9-64C0-4211-BEF9-DB7376B613E3}.Release|x64.ActiveCfg = Release|x64
		{52D135F9-64C0-4211-BEF9-DB7376B613E3}.Release|x64.Build.0 = Release|x64
		{52D135F9-64C0-4211-BEF9-DB7376B613E3}.Release|x86.ActiveCfg = Release|Win32
		{52D135F9-64C0-4211-BEF9-DB7376B613E3}.Release|x86.Build.0 = Release|Win32
		{ECB8D7CD-7624-47B4-82ED-D0539196579B}.Debug|x64.ActiveCfg = Debug|x64
		{ECB8D7CD-7624-47B4-82ED-D0539196579B}.Debug|x64.Build.0 = Debug|x64
		{ECB8D7CD-7624-47B4-82ED-D0539196579B}.Debug|x86.ActiveCfg = Debug|Win32
		{ECB8D7CD-7624-47B4-82ED-D0539196579B}.Debug|x86.Build.0 = Debug|Win32
		{ECB8D7CD-7624-47B4-82ED-D0539196579B}.Release|x64.ActiveCfg = Release|x64
		{ECB8D7CD-7624-47B4-82ED-D0539196579B}.Release|x64.Build.0 = Release|x64
		{ECB8D7CD-7624-47B4-82ED-D0539196579B}.Release|x86.ActiveCfg = Release|Win32
		{ECB8D7CD-7624-47B4-82ED-D0539196579B}.Release|x86.Build.0 = Release|Win32
		{9BE1CFAE-4EDB-47BE-AAF1-B3EF95DBB42A}.Debug|x64.ActiveCfg = Debug|x64
		{9BE1CFAE-4EDB-47BE-AAF1-B3EF95DBB42A}.Debug|x64.Build.0 = Debug|x64
		{9BE1CFAE-4EDB-47BE-AAF1-B3EF95DBB42A}.Debug|x86.ActiveCfg = Debug|Win32
		{9BE1CFAE-4EDB-47BE-AAF1-B3EF95DBB42A}.Debug|x86.Build.0 = Debug|Win32
		{9BE1CFAE-4EDB-47BE-AAF1-B3EF95DBB42A}.Release|x64.ActiveCfg = Release|x64
		{9BE1CFAE-4EDB-47BE-AAF1-B3EF95DBB42A}.Release|x64.Build.0 = Release|x64
		{9BE1CFAE-4EDB-47BE-AAF1-B3EF95DBB42A}.Release|x86.ActiveCfg = Release|Win32
		{9BE1CFAE-4EDB-47BE-AAF1-B3EF95DBB42A}.Release|x86.Build.0 = Release|Win32
		{50A9BD3A-D2DE-4D02-850C-9E1750EE1ACA}.Debug|x64.ActiveCfg = Debug|x64
		{50A9BD3A-D2DE-4D02-850C-9E1750EE1ACA}.Debug|x64.Build.0 = Debug|x64
		{50A9BD3A-D2DE-4D02-850C-9E1750EE1ACA}.Debug|x86.ActiveCfg = Debug|Win32
		{50A9BD3A-D2DE-4D02-850C-9E1750EE1ACA}.Debug|x86.Build.0 = Debug|Win32
		{50A9BD3A-D2DE-4D02-850C-9E1750EE1ACA}.Release|x64.ActiveCfg = Release|x64
		{50A9BD3A-D2DE-4D02-850C-9E1750EE1ACA}.Release|x64.Build.0 = Release|x64
		{50A9BD3A-D2DE-4D02-850C-9E1750EE1ACA}.Release|x86.ActiveCfg = Release|Win32
		{50A9BD3A-D2DE-4D02-850C-9E1750EE1ACA}.Release|x86.Build.0 = Release|Win32
		{B3988732-2AE2-4B1E-93E2-2B0D848ED604}.Debug|x64.ActiveCfg = Debug|x64
		{B3988732-2AE2-4B1E-93E2-2B0D848ED604}.Debug|x64.Build.0 = Debug|x64
		{B3988732-2AE2-4B1E-93E2-2B0D848ED604}.Debug|x86.ActiveCfg = Debug|Win32
		{B3988732-2AE2-4B1E-93E2-2B0D848ED604}.Debug|x86.Build.0 = Debug|Win32
		{B3988732-2AE2-4B1E-93E2-2B0D848ED604}.Release|x64.ActiveCfg = Release|x64
		{B3988732-2AE2-4B1E-93E2-2B0D848ED604}.Release|x64.Build.0 = Release|x64
		{B3988732-2AE2-4B1E-93E2-2B0D848ED604}.Release|x86.ActiveCfg = Release|Win32
		{B3988732-2AE2-4B1E-93E2-2B0D848ED604}.Release|x86.Build.0 = Release|Win32
		{0F08A4BB-C483-445B-B191-7BAD9D289928}.Debug|x64.ActiveCfg = Debug|x64
		{0F08A4BB-C483-445B-B191-7BAD9D289928}.Debug|x64.Build.0 = Debug|x64
		{0F08A4BB-C483-445B-B191-7BAD9D289928}.Debug|x86.ActiveCfg = Debug|Win32
		{0F08A4BB-C483-445B-B191-7BAD9D289928}.Debug|x86.Build.0 = Debug|Win32
		{0F08A4BB-C483-445B-B191-7BAD9D289928}.Release|x64.ActiveCfg = Release|x64
		{0F08A4BB-C483-445B-B191-7BAD9D289928}.Release|x64.Build.0 = Release|x64
		{0F08A4BB-C483-445B-B191-7BAD9D289928}.Release|x86.ActiveCfg = Release|Win32
		{0F08A4BB-C483-445B-B191-7BAD9D289928}.Release|x86.Build.0 = Release|Win32
		{5212CD0B-7243-4067-9F05-357DB27925F2}.Debug|x64.ActiveCfg = Debug|x64
		{5212CD0B-7243-4067-9F05-357DB27925F2}.Debug|x64.Build.0 = Debug|x64
		{5212CD0B-7243-4067-9F05-357DB27925F2}.Debug|x86.ActiveCfg = Debug|Win32
		{5212CD0B-7243-4067-9F05-357DB27925F2}.Debug|x86.Build.0 = Debug|Win32
		{5212CD0B-7243-4067-9F05-357DB27925F2}.Release|x64.ActiveCfg = Release|x64
		{5212CD0B-7243-4067-9F05-357DB27925F2}.Release|x64.Build.0 = Release|x64
		{5212CD0B-7243-4067-9F05-357DB27925F2}.Release|x86.ActiveCfg = Release|Win32
		{5212CD0B-7243-4067-9F05-357DB27925F2}.Release|x86.Build.0 = Release|Win32
		{9A975292-F3C8-4B9A-8131-279381348A12}.Debug|x64.ActiveCfg = Debug|x64
		{9A975292-F3C8-4B9A-8131-279381348A12}.Debug|x64.Build.0 = Debug|x64
		{9A975292-F3C8-4B9A-8131-279381348A12}.Debug|x86.ActiveCfg = Debug|Win32
		{9A975292-F3C8-4B9A-8131-279381348A12}.Debug|x86.Build.0 = Debug|Win32
		{9A975292-F3C8-4B9A-8131-279381348A12}.Release|x64.ActiveCfg = Release|x64
		{9A975292-F3C8-4B9A-8131-279381348A12}.Release|x64.Build.0 = Release|x64
		{9A975292-F3C8-4B9A-8131-279381348A12}.Release|x86.ActiveCfg = Release|Win32
		{9A975292-F3C8-4B9A-8131-279381348A12}.Release|x86.Build.0 = Release|Win32
		{0F817699-BDB3-4A7F-B6C8-C8D4C4A90029}.Debug|x64.ActiveCfg = Debug|x64
		{0F817699-BDB3-4A7F-B6C8-C8D4C4A90029}.Debug|x64.Build.0 = Debug|x64
		{0F817699-BDB3-4A7F-B6C8-C8D4C4A90029}.Debug|x86.ActiveCfg = Debug|Win32
		{0F817699-BDB3-4A7F-B6C8-C8D4C4A90029}.Debug|x86.Build.0 = Debug|Win32
		{0F817699-BDB3-4A7F-B6C8-C8D4C4A90029}.Release|x64.ActiveCfg = Release|x64
		{0F817699-BDB3-4A7F-B6C8-C8D4C4A90029}.Release|x64.Build.0 = Release|x64
		{0F817699-BDB3-4A7F-B6C8-C8D4C4A90029}.Release|x86.ActiveCfg = Release|Win32
		{0F817699-BDB3-4A7F-B6C8-C8D4C4A90029}.Release|x86.Build.0 = Release|Win32
		{0502215A-B2FC-42A4-887E-B56C15DE43EB}.Debug|x64.ActiveCfg = Debug|x64
		{0502215A-B2FC-42A4-887E-B56C15DE43EB}.Debug|x64.Build.0 = Debug|x64
		{0502215A-B2FC-42A4-887E-B56C15DE43EB}.Debug|x86.ActiveCfg = Debug|Win32
		{0502215A-B2FC-42A4-887E-B56C15DE43EB}.Debug|x86.Build.0 = Debug|Win32
		{0502215A-B2FC-42A4-887E-B56C15DE43EB}.Release|x64.ActiveCfg = Release|x64
		{0502215A-B2FC-42A4-887E-B56C15DE43EB}.Release|x64.Build.0 = Release|x64
		{0502215A-B2FC-42A4-887E-B56C15DE43EB}.Release|x86.ActiveCfg = Release|Win32
		{0502215A-B2FC-42A4-887E-B56C15DE43EB}.Release|x86.Build.0 = Release|Win32
		{0FC751BF-5D57-41D0-B7BC-A15F1FD274C4}.Debug|x64.ActiveCfg = Debug|x64
		{0FC751BF-5D57-41D0-B7BC-A15F1FD274C4}.Debug|x64.Build.0 = Debug|x64
		{0FC751BF-5D57-41D0-B7BC-A15F1FD274C4}.Debug|x86.ActiveCfg = Debug|Win32
		{0FC751BF-5D57-41D0-B7BC-A15F1FD274C4}.Debug|x86.Build.0 = Debug|Win32
		{0FC751BF-5D57-41D0-B7BC-A15F1FD274C4}.Release|x64.ActiveCfg = Release|x64
		{0FC751BF-5D57-41D0-B7BC-A15F1FD274C4}.Release|x64.Build.0 = Release|x64
		{0FC751BF-5D57-41D0-B7BC-A15F1FD274C4}.Release|x86.ActiveCfg = Release|Win32
		{0FC751BF-5D57-41D0-B7BC-A15F1FD274C4}.Release|x86.Build.0 = Release|Win32
		{28577E51-CE5D-478A-8B80-4475CAB9E12E}.Debug|x64.ActiveCfg = Debug|x64
		{28577E51-CE5D-478A-8B80-4475CAB9E12E}.Debug|x64.Build.0 = Debug|x64
		{28577E51-CE5D-478A-8B80-4475CAB9E12E}.Debug|x86.ActiveCfg = Debug|Win32
		{28577E51-CE5D-478A-8B80-4475CAB9E12E}.Debug|x86.Build.0 = Debug|Win32
		{28577E51-CE5D-478A-8B80-4475CAB9E12E}.Release|x64.ActiveCfg = Release|x64
		{28577E51-CE5D-478A-8B80-4475CAB9E12E}.Release|x64.Build.0 = Release|x64
		{28577E51-CE5D-478A-8B80-4475CAB9E12E}.Release|x86.ActiveCfg = Release|Win32
		{28577E51-CE5D-478A-8B80-4475CAB9E12E}.Release|x86.Build.0 = Release|Win32
		{6E217631-9614-4F6A-9429-3DFE2B435C3C}.Debug|x64.ActiveCfg = Debug|x64
		{6E217631-9614-4F6A-9429-3DFE2B435C3C}.Debug|x64.Build.0 = Debug|x64
		{6E217631-9614-4F6A-9429-3DFE2B435C3C}.Debug|x86.ActiveCfg = Debug|Win32
		{6E217631-9614-4F6A-9429-3DFE2B435C3C}.Debug|x86.Build.0 = Debug|Win32
		{6E217631-9614-4F6A-9429-3DFE2B435C3C}.Release|x64.ActiveCfg = Release|x64
		{6E217631-9614-4F6A-9429-3DFE2B435C3C}.Release|x64.Build.0 = Release|x64
		{6E217631-9614-4F6A-9429-3DFE2B435C3C}.Release|x86.ActiveCfg = Release|Win32
		{6E217631-9614-4F6A-9429-3DFE2B435C3C}.Release|x86.Build.0 = Release|Win32
		{55A92B5B-63FD-4165-A45E-D3C6464CF29D}.Debug|x64.ActiveCfg = Debug|x64
		{55A92B5B-63FD-4165-A45E-D3C6464CF29D}.Debug|x64.Build.0 = Debug|x64
		{55A92B5B-63FD-4165-A45E-D3C6464CF29D}.Debug|x86.ActiveCfg = Debug|Win32
		{55A92B5B-63FD-4165-A45E-D3C6464CF29D}.Debug|x86.Build.0 = Debug|Win32
		{55A92B5B-63FD-4165-A45E-D3C6464CF29D}.Release|x64.ActiveCfg = Release|x64
		{55A92B5B-63FD-4165-A45E-D3C6464CF29D}.Release|x64.Build.0 = Release|x64
		{55A92B5B-63FD-4165-A45E-D3C6464CF29D}.Release|x86.ActiveCfg = Release|Win32
		{55A92B5B-63FD-4165-A45E-D3C6464CF29D}.Release|x86.Build.0 = Release|Win32
		{178CDFD3-A0C0-47D8-B689-A35147EEFD45}.Debug|x64.ActiveCfg = Debug|x64
		{178CDFD3-A0C0-47D8-B689-A35147EEFD45}.Debug|x64.Build.0 = Debug|x64
		{178CDFD3-A0C0-47D8-B689-A35147EEFD45}.Debug|x86.ActiveCfg = Debug|Win32
		{178CDFD3-A0C0-47D8-B689-A35147EEFD45}.Debug|x86.Build.0 = Debug|Win32
		{178CDFD3-A0C0-47D8-B689-A35147EEFD45}.Release|x64.ActiveCfg = Release|x64
		{178CDFD3-A0C0-47D8-B689-A35147EEFD45}.Release|x64.Build.0 = Release|x64
		{178CDFD3-A0C0-47D8-B689-A35147EEFD45}.Release|x86.ActiveCfg = Release|Win32
		{178CDFD3-A0C0-47D8-B689-A35147EEFD45}.Release|x86.Build.0 = Release|Win32
		{F4AB6192-E46F-4A72-8BA3-B3C6753285A9}.Debug|x64.ActiveCfg = Debug|x64
		{F4AB6192-E46F-4A72-8BA3-B3C6753285A9}.Debug|x64.Build.0 = Debug|x64
		{F4AB6192-E46F-4A72-8BA3-B3C6753285A9}.Debug|x86.ActiveCfg = Debug|Win32
		{F4AB6192-E46F-4A72-8BA3-B3C6753285A9}.Debug|x86.Build.0 = Debug|Win32
		{F4AB6192-E46F-4A72-8BA3-B3C6753285A9}.Release|x64.ActiveCfg = Release|x64
		{F4AB6192-E46F-4A72-8BA3-B3C6753285A9}.Release|x64.Build.0 = Release|x64
		{F4AB6192-E46F-4A72-8BA3-B3C6753285A9}.Release|x86.ActiveCfg = Release|Win32
		{F4AB6192-E46F-4A72-8BA3-B3C6753285A9}.Release|x86.Build.0 = Release|Win32
		{2025A304-1173-4DA5-9B8A-57A2C73E7058}.Debug|x64.ActiveCfg = Debug|x64
		{2025A304-1173-4DA5-9B8A-57A2C73E7058}.Debug|x64.Build.0 = Debug|x64
		{2025A304-1173-4DA5-9B8A-57A2C73E7058}.Debug|x86.ActiveCfg = Debug|Win32
		{2025A304-1173-4DA5-9B8A-57A2C73E7058}.Debug|x86.Build.0 = Debug|Win32
		{2025A304-1173-4DA5-9B8A-57A2C73E7058}.Release|x64.ActiveCfg = Release|x64
		{2025A304-1173-4DA5-9B8A-57A2C73E7058}.Release|x64.Build.0 = Release|x64
		{2025A304-1173-4DA5-9B8A-57A2C73E7058}.Release|x86.ActiveCfg = Release|Win32
		{2025A304-1173-4DA5-9B8A-57A2C73E7058}.Release|x86.Build.0 = Release|Win32
		{FCA54613-3863-4A46-A1E7-3A196CC9FE40}.Debug|x64.ActiveCfg = Debug|x64
		{FCA54613-3863-4A46-A1E7-3A196CC9FE40}.Debug|x64.Build.0 = Debug|x64
		{FCA54613-3863-4A46-A1E7-3A196CC9FE40}.Debug|x86.ActiveCfg = Debug|Win32
		{FCA54613-3863-4A46-A1E7-3A196CC9FE40}.Debug|x86.Build.0 = Debug|Win32
		{FCA54613-3863-4A46-A1E7-3A196CC9FE40}.Release|x64.ActiveCfg = Release|x64
		{FCA54613-3863-4A46-A1E7-3A196CC9FE40}.Release|x64.Build.0 = Release|x64
		{FCA54613-3863-4A46-A1E7-3A196CC9FE40}.Release|x86.ActiveCfg = Release|Win32
		{FCA54613-3863-4A46-A1E7-3A196CC9FE40}.Release|x86.Build.0 = Release|Win32
		{C45BE4E3-881B-4F12-B7BD-C54198EFFF96}.Debug|x64.ActiveCfg = Debug|x64
		{C45BE4E3-881B-4F12-B7BD-C54198EFFF96}.Debug|x64.Build.0 = Debug|x64
		{C45BE4E3-881B-4F12-B7BD-C54198EFFF96}.Debug|x86.ActiveCfg = Debug|Win32
		{C45BE4E3-881B-4F12-B7BD-C54198EFFF96}.Debug|x86.Build.0 = Debug|Win32
		{C45BE4E3-881B-4F12-B7BD-C54198EFFF96}.Release|x64.ActiveCfg = Release|x64
		{C45BE4E3-881B-4F12-B7BD-C54198EFFF96}.Release|x64.Build.0 = Release|x64
		{C45BE4E3-881B-4F12-B7BD-C54198EFFF96}.Release|x86.ActiveCfg = Release|Win32
		{C45BE4E3-881B-4F12-B7BD-C54198EFFF96}.Release|x86.Build.0 = Release|Win32
		{0A4105A8-3266-4067-AB09-E1FB9C12A871}.Debug|x64.ActiveCfg = Debug|x64
		{0A4105A8-3266-4067-AB09-E1FB9C12A871}.Debug|x64.Build.0 = Debug|x64
		{0A4105A8-3266-4067-AB09-E1FB9C12A871}.Debug|x86.ActiveCfg = Debug|Win32
		{0A4105A8-3266-4067-AB09-E1FB9C12A871}.Debug|x86.Build.0 = Debug|Win32
		{0A4105A8-3266-4067-AB09-E1FB9C12A871}.Release|x64.ActiveCfg = Release|x64
		{0A4105A8-3266-4067-AB09-E1FB9C12A871}.Release|x64.Build.0 = Release|x64
		{0A4105A8-3266-4067-AB09-E1FB9C12A871}.Release|x86.ActiveCfg = Release|Win32
		{0A4105A8-3266-4067-AB09-E1FB9C12A871}.Release|x86.Build.0 = Release|Win32
	EndGlobalSection
	GlobalSection(SolutionProperties) = preSolution
		HideSolutionNode = FALSE
	EndGlobalSection
	GlobalSection(NestedProjects) = preSolution
		{6DCB63D0-A991-4441-BEAF-398154B26398} = {5121F853-5E1D-47F8-96CA-76519F0C819C}
		{2C796A70-8A56-4986-B5DC-3A3CDD8F8288} = {5121F853-5E1D-47F8-96CA-76519F0C819C}
		{26BDC76F-7293-456C-8CD8-F77CD241557C} = {5121F853-5E1D-47F8-96CA-76519F0C819C}
		{787CBF09-AB85-4D99-853A-3B36CF84B992} = {5121F853-5E1D-47F8-96CA-76519F0C819C}
		{E7F6D0A6-EE51-4E67-8F2F-1FEAC9F01D2D} = {5121F853-5E1D-47F8-96CA-76519F0C819C}
		{C906AFFA-AC2B-49BC-B4FF-9E225ABB3F72} = {5121F853-5E1D-47F8-96CA-76519F0C819C}
		{6D82B514-0558-49C4-A098-A2CD5A156BBB} = {5121F853-5E1D-47F8-96CA-76519F0C819C}
		{24FDE4AA-6F23-4DCA-AB8B-BED67AEC3CA0} = {5121F853-5E1D-47F8-96CA-76519F0C819C}
		{037B7CC6-A0FF-48E4-9D3A-1020DA889EBB} = {5121F853-5E1D-47F8-96CA-76519F0C819C}
		{AD9A90EA-002A-4A79-92EA-4843F89D1693} = {5121F853-5E1D-47F8-96CA-76519F0C819C}
		{FD3268DE-CDD5-4DBA-9E54-8AD3E7CFFB68} = {5121F853-5E1D-47F8-96CA-76519F0C819C}
		{742B5598-BDC5-4EF9-B7D4-6D958BE3623A} = {47C86233-DF7D-4303-8EED-24E84302716D}
		{37DA1AC7-DAC6-4B16-A25A-80D34ADCEA10} = {47C86233-DF7D-4303-8EED-24E84302716D}
		{B0AD209B-BCF1-4AA6-A9FC-7B6B21C305F3} = {47C86233-DF7D-4303-8EED-24E84302716D}
		{0464D8D2-B7DD-46C1-98D3-E37164EC018B} = {47C86233-DF7D-4303-8EED-24E84302716D}
		{861B4C24-4CBD-4567-9F98-B8E251851088} = {47C86233-DF7D-4303-8EED-24E84302716D}
		{CA608313-2252-4322-AB0D-8D85392AF4A6} = {47C86233-DF7D-4303-8EED-24E84302716D}
		{82C5B407-C94C-444C-8985-DEBAB8CD5627} = {47C86233-DF7D-4303-8EED-24E84302716D}
		{E9FF5D2B-C215-49E9-9BD0-7D6ED7922AAC} = {47C86233-DF7D-4303-8EED-24E84302716D}
		{AD66D84A-DA14-4DCF-9B86-BA51EC2E4084} = {47C86233-DF7D-4303-8EED-24E84302716D}
		{FC97DE7D-8BEF-422C-B175-A77DF0ECFA5A} = {47C86233-DF7D-4303-8EED-24E84302716D}
		{483E888E-8931-44E3-B955-90C098C63925} = {47C86233-DF7D-4303-8EED-24E84302716D}
		{A5916C2F-DB51-4AC9-9FD4-E3B144EC19A8} = {47C86233-DF7D-4303-8EED-24E84302716D}
		{A504E24C-606D-4369-BB32-789BA024FF97} = {47C86233-DF7D-4303-8EED-24E84302716D}
		{E14CAAEA-C588-4B66-86C8-F4DDB9BED6EE} = {47C86233-DF7D-4303-8EED-24E84302716D}
		{CA1F87A2-092E-47C9-8C9D-55E287298FF4} = {47C86233-DF7D-4303-8EED-24E84302716D}
		{BF8239BB-D679-41D3-AC54-084A378A11CC} = {D3C25968-8A58-45F1-BB9F-C71F9DBE6112}
		{093594F1-1A97-4059-B51E-1ED754588300} = {D3C25968-8A58-45F1-BB9F-C71F9DBE6112}
		{54CFEF00-BB38-4F67-9D45-D4B1EB458BD1} = {D3C25968-8A58-45F1-BB9F-C71F9DBE6112}
		{5D063FAD-92F4-4FFD-A5AA-CB823D339573} = {D3C25968-8A58-45F1-BB9F-C71F9DBE6112}
		{E1A1B734-C45F-402E-848A-0BC4D5524B2E} = {D3C25968-8A58-45F1-BB9F-C71F9DBE6112}
		{BDF888CC-7F01-4A5D-926E-189394EB0848} = {D3C25968-8A58-45F1-BB9F-C71F9DBE6112}
		{D645126F-FB3D-4983-AA3E-490EFB892491} = {D3C25968-8A58-45F1-BB9F-C71F9DBE6112}
		{8DAB006E-9F89-4C9A-9B9B-C9E2D660A1E4} = {D3C25968-8A58-45F1-BB9F-C71F9DBE6112}
		{82802165-C647-42D9-890C-ABD0831267EB} = {D3C25968-8A58-45F1-BB9F-C71F9DBE6112}
		{BF4BE2B9-C9E3-4BDA-9936-F777AE00AB0B} = {D3C25968-8A58-45F1-BB9F-C71F9DBE6112}
		{00A9F30A-6475-451D-9168-DBF2C01974B1} = {D3C25968-8A58-45F1-BB9F-C71F9DBE6112}
		{983D565D-C647-4E0D-9427-23F5E5DF7ED7} = {D3C25968-8A58-45F1-BB9F-C71F9DBE6112}
		{0AFC41AA-1233-4AA1-8335-96431B65EF77} = {D3C25968-8A58-45F1-BB9F-C71F9DBE6112}
		{76ED1318-B82B-4EFD-A8BA-52CA5AEF2F9F} = {D3C25968-8A58-45F1-BB9F-C71F9DBE6112}
		{CB784FE8-950C-428E-AC78-1CD9A2F05D00} = {D3C25968-8A58-45F1-BB9F-C71F9DBE6112}
		{5439BA91-8ED6-40D1-A72D-5C8E1F1063F1} = {B0E813AE-055C-4DD6-9DB0-4754E6785044}
		{220A8BAA-AC0C-4CE9-9E9F-383F609DD4C8} = {B0E813AE-055C-4DD6-9DB0-4754E6785044}
		{C0850ED3-E019-425B-9C19-B516E3E800B9} = {B0E813AE-055C-4DD6-9DB0-4754E6785044}
		{F60179D5-C391-4718-AA03-5D34723D124D} = {B0E813AE-055C-4DD6-9DB0-4754E6785044}
		{CF584E95-434A-47F4-B3BE-E3B75D621F77} = {B0E813AE-055C-4DD6-9DB0-4754E6785044}
		{A44394E8-BE95-4D43-8F7A-CD475DAA06AE} = {B0E813AE-055C-4DD6-9DB0-4754E6785044}
		{6E1C8FBE-68EC-4B17-939B-E9206E9E0A79} = {B0E813AE-055C-4DD6-9DB0-4754E6785044}
		{552CEC21-99AE-4699-BCDC-503C6E067749} = {B0E813AE-055C-4DD6-9DB0-4754E6785044}
		{B0E51E68-30DD-4518-A7C2-9478F322E721} = {B0E813AE-055C-4DD6-9DB0-4754E6785044}
		{E7907BAA-BDFE-4EE1-9133-D40C0B423322} = {B0E813AE-055C-4DD6-9DB0-4754E6785044}
		{13C2B230-D797-4F0C-B1F7-B207CCD50FE0} = {B0E813AE-055C-4DD6-9DB0-4754E6785044}
		{9E380454-DAD7-47DC-AEED-568DB47E4199} = {B0E813AE-055C-4DD6-9DB0-4754E6785044}
		{A4856F36-4D3E-4D52-B516-F381FB21051C} = {B0E813AE-055C-4DD6-9DB0-4754E6785044}
		{696C750B-7028-4AB5-BF05-73C51C85A6E7} = {B0E813AE-055C-4DD6-9DB0-4754E6785044}
		{45B689DE-9AED-46CF-9270-5D912ED1C9F7} = {B0E813AE-055C-4DD6-9DB0-4754E6785044}
		{77DF36B5-8B47-4F0C-B87E-B8714809FDDC} = {F2A519DC-F7BE-4275-BEDF-9140DC29D3B2}
		{F8C0A997-C258-4A87-8DD5-04B9F9D09F89} = {F2A519DC-F7BE-4275-BEDF-9140DC29D3B2}
		{3DEBA418-98AD-4ACA-A85B-3626C355E527} = {F2A519DC-F7BE-4275-BEDF-9140DC29D3B2}
		{A322CA47-A2CB-4B9F-A450-66F99851BDD9} = {F2A519DC-F7BE-4275-BEDF-9140DC29D3B2}
		{41B376D1-6808-4C1F-ADDC-B6E2B81A3B5E} = {F2A519DC-F7BE-4275-BEDF-9140DC29D3B2}
		{DFF2EA36-CD9B-4D91-A7C0-8583A3D1ECFB} = {F2A519DC-F7BE-4275-BEDF-9140DC29D3B2}
		{3AD74498-7124-4006-A350-66C8B4361026} = {F2A519DC-F7BE-4275-BEDF-9140DC29D3B2}
		{E91DE6C6-BB78-4A13-891C-65786B932E81} = {F2A519DC-F7BE-4275-BEDF-9140DC29D3B2}
		{AA3B5843-1965-404E-8832-B3E1623B06EC} = {F2A519DC-F7BE-4275-BEDF-9140DC29D3B2}
		{B3F4030C-C71E-4A5D-B548-F629635D0BE2} = {F2A519DC-F7BE-4275-BEDF-9140DC29D3B2}
		{0FFF2DBF-98A3-4FF0-B90A-BB01DCAD669E} = {F2A519DC-F7BE-4275-BEDF-9140DC29D3B2}
		{52D135F9-64C0-4211-BEF9-DB7376B613E3} = {F2A519DC-F7BE-4275-BEDF-9140DC29D3B2}
		{ECB8D7CD-7624-47B4-82ED-D0539196579B} = {F2A519DC-F7BE-4275-BEDF-9140DC29D3B2}
		{9BE1CFAE-4EDB-47BE-AAF1-B3EF95DBB42A} = {F2A519DC-F7BE-4275-BEDF-9140DC29D3B2}
		{50A9BD3A-D2DE-4D02-850C-9E1750EE1ACA} = {F2A519DC-F7BE-4275-BEDF-9140DC29D3B2}
		{B3988732-2AE2-4B1E-93E2-2B0D848ED604} = {42B1397D-6DCF-4564-AF7A-A01412CE133C}
		{0F08A4BB-C483-445B-B191-7BAD9D289928} = {42B1397D-6DCF-4564-AF7A-A01412CE133C}
		{5212CD0B-7243-4067-9F05-357DB27925F2} = {42B1397D-6DCF-4564-AF7A-A01412CE133C}
		{9A975292-F3C8-4B9A-8131-279381348A12} = {42B1397D-6DCF-4564-AF7A-A01412CE133C}
		{0F817699-BDB3-4A7F-B6C8-C8D4C4A90029} = {42B1397D-6DCF-4564-AF7A-A01412CE133C}
		{0FC751BF-5D57-41D0-B7BC-A15F1FD274C4} = {42B1397D-6DCF-4564-AF7A-A01412CE133C}
		{28577E51-CE5D-478A-8B80-4475CAB9E12E} = {42B1397D-6DCF-4564-AF7A-A01412CE133C}
		{6E217631-9614-4F6A-9429-3DFE2B435C3C} = {42B1397D-6DCF-4564-AF7A-A01412CE133C}
		{55A92B5B-63FD-4165-A45E-D3C6464CF29D} = {42B1397D-6DCF-4564-AF7A-A01412CE133C}
		{178CDFD3-A0C0-47D8-B689-A35147EEFD45} = {42B1397D-6DCF-4564-AF7A-A01412CE133C}
		{F4AB6192-E46F-4A72-8BA3-B3C6753285A9} = {42B1397D-6DCF-4564-AF7A-A01412CE133C}
		{2025A304-1173-4DA5-9B8A-57A2C73E7058} = {42B1397D-6DCF-4564-AF7A-A01412CE133C}
		{FCA54613-3863-4A46-A1E7-3A196CC9FE40} = {42B1397D-6DCF-4564-AF7A-A01412CE133C}
		{C45BE4E3-881B-4F12-B7BD-C54198EFFF96} = {42B1397D-6DCF-4564-AF7A-A01412CE133C}
		{0A4105A8-3266-4067-AB09-E1FB9C12A871} = {42B1397D-6DCF-4564-AF7A-A01412CE133C}
	EndGlobalSection
	GlobalSection(ExtensibilityGlobals) = postSolution
		SolutionGuid = {CA2CECE5-A9B7-41AA-B763-2BD3409464BF}
	EndGlobalSection
EndGlobal
